// !$*UTF8*$!
{
	archiveVersion = 1;
	classes = {
	};
	objectVersion = 46;
	objects = {

/* Begin PBXBuildFile section */
		9A0510FF18063BC8009476AF /* fish2.png in Resources */ = {isa = PBXBuildFile; fileRef = 9A0510FE18063BC8009476AF /* fish2.png */; };
		9A05110318063CC0009476AF /* fish4.png in Resources */ = {isa = PBXBuildFile; fileRef = 9A05110218063CC0009476AF /* fish4.png */; };
		9A05110518063CD0009476AF /* fish5.png in Resources */ = {isa = PBXBuildFile; fileRef = 9A05110418063CD0009476AF /* fish5.png */; };
		9A05110718063CD5009476AF /* fish6.png in Resources */ = {isa = PBXBuildFile; fileRef = 9A05110618063CD5009476AF /* fish6.png */; };
		9A05110918063CE3009476AF /* fish7.png in Resources */ = {isa = PBXBuildFile; fileRef = 9A05110818063CE3009476AF /* fish7.png */; };
		9A24ABF51806AAAB0061D40E /* Dime.png in Resources */ = {isa = PBXBuildFile; fileRef = 9A24ABF21806AAAB0061D40E /* Dime.png */; };
		9A24ABF61806AAAB0061D40E /* Nickel.png in Resources */ = {isa = PBXBuildFile; fileRef = 9A24ABF31806AAAB0061D40E /* Nickel.png */; };
		9A24ABF71806AAAB0061D40E /* Quarter.png in Resources */ = {isa = PBXBuildFile; fileRef = 9A24ABF41806AAAB0061D40E /* Quarter.png */; };
		9A24ABF91806B0CB0061D40E /* yellow.png in Resources */ = {isa = PBXBuildFile; fileRef = 9A24ABF81806B0CB0061D40E /* yellow.png */; };
		9A4881C9181924FD00E9347B /* threeStarsColor.png in Resources */ = {isa = PBXBuildFile; fileRef = 9A4881C8181924FD00E9347B /* threeStarsColor.png */; };
		9A4CA656182526430012E565 /* 10.png in Resources */ = {isa = PBXBuildFile; fileRef = 9A4CA635182526420012E565 /* 10.png */; };
		9A4CA657182526430012E565 /* 9.png in Resources */ = {isa = PBXBuildFile; fileRef = 9A4CA636182526420012E565 /* 9.png */; };
		9A4CA658182526430012E565 /* 8.png in Resources */ = {isa = PBXBuildFile; fileRef = 9A4CA637182526420012E565 /* 8.png */; };
		9A4CA659182526430012E565 /* 7.png in Resources */ = {isa = PBXBuildFile; fileRef = 9A4CA638182526420012E565 /* 7.png */; };
		9A4CA65A182526430012E565 /* 6.png in Resources */ = {isa = PBXBuildFile; fileRef = 9A4CA639182526420012E565 /* 6.png */; };
		9A4CA65B182526430012E565 /* 5.png in Resources */ = {isa = PBXBuildFile; fileRef = 9A4CA63A182526420012E565 /* 5.png */; };
		9A4CA65C182526430012E565 /* 4.png in Resources */ = {isa = PBXBuildFile; fileRef = 9A4CA63B182526420012E565 /* 4.png */; };
		9A4CA65D182526430012E565 /* 3.png in Resources */ = {isa = PBXBuildFile; fileRef = 9A4CA63C182526420012E565 /* 3.png */; };
		9A4CA65E182526430012E565 /* 2.png in Resources */ = {isa = PBXBuildFile; fileRef = 9A4CA63D182526420012E565 /* 2.png */; };
		9A4CA65F182526430012E565 /* 1.png in Resources */ = {isa = PBXBuildFile; fileRef = 9A4CA63E182526420012E565 /* 1.png */; };
		9A4CA660182526430012E565 /* orange10.png in Resources */ = {isa = PBXBuildFile; fileRef = 9A4CA63F182526420012E565 /* orange10.png */; };
		9A4CA661182526430012E565 /* orange9.png in Resources */ = {isa = PBXBuildFile; fileRef = 9A4CA640182526420012E565 /* orange9.png */; };
		9A4CA662182526430012E565 /* orange8.png in Resources */ = {isa = PBXBuildFile; fileRef = 9A4CA641182526420012E565 /* orange8.png */; };
		9A4CA663182526430012E565 /* orange7.png in Resources */ = {isa = PBXBuildFile; fileRef = 9A4CA642182526420012E565 /* orange7.png */; };
		9A4CA664182526430012E565 /* orange6.png in Resources */ = {isa = PBXBuildFile; fileRef = 9A4CA643182526420012E565 /* orange6.png */; };
		9A4CA665182526430012E565 /* orange5.png in Resources */ = {isa = PBXBuildFile; fileRef = 9A4CA644182526420012E565 /* orange5.png */; };
		9A4CA666182526430012E565 /* orange4.png in Resources */ = {isa = PBXBuildFile; fileRef = 9A4CA645182526420012E565 /* orange4.png */; };
		9A4CA667182526430012E565 /* orange3.png in Resources */ = {isa = PBXBuildFile; fileRef = 9A4CA646182526420012E565 /* orange3.png */; };
		9A4CA668182526430012E565 /* orange2.png in Resources */ = {isa = PBXBuildFile; fileRef = 9A4CA647182526430012E565 /* orange2.png */; };
		9A4CA669182526430012E565 /* orange1.png in Resources */ = {isa = PBXBuildFile; fileRef = 9A4CA648182526430012E565 /* orange1.png */; };
		9A4CA66A182526430012E565 /* apple10.png in Resources */ = {isa = PBXBuildFile; fileRef = 9A4CA649182526430012E565 /* apple10.png */; };
		9A4CA66B182526430012E565 /* apple9.png in Resources */ = {isa = PBXBuildFile; fileRef = 9A4CA64A182526430012E565 /* apple9.png */; };
		9A4CA66C182526430012E565 /* apple8.png in Resources */ = {isa = PBXBuildFile; fileRef = 9A4CA64B182526430012E565 /* apple8.png */; };
		9A4CA66D182526430012E565 /* apple7.png in Resources */ = {isa = PBXBuildFile; fileRef = 9A4CA64C182526430012E565 /* apple7.png */; };
		9A4CA66E182526430012E565 /* apple6.png in Resources */ = {isa = PBXBuildFile; fileRef = 9A4CA64D182526430012E565 /* apple6.png */; };
		9A4CA66F182526430012E565 /* apple5.png in Resources */ = {isa = PBXBuildFile; fileRef = 9A4CA64E182526430012E565 /* apple5.png */; };
		9A4CA670182526430012E565 /* apple4.png in Resources */ = {isa = PBXBuildFile; fileRef = 9A4CA64F182526430012E565 /* apple4.png */; };
		9A4CA671182526430012E565 /* apple3.png in Resources */ = {isa = PBXBuildFile; fileRef = 9A4CA650182526430012E565 /* apple3.png */; };
		9A4CA672182526430012E565 /* apple2.png in Resources */ = {isa = PBXBuildFile; fileRef = 9A4CA651182526430012E565 /* apple2.png */; };
		9A4CA673182526430012E565 /* apple1.png in Resources */ = {isa = PBXBuildFile; fileRef = 9A4CA652182526430012E565 /* apple1.png */; };
		9A4CA674182526430012E565 /* fish8.png in Resources */ = {isa = PBXBuildFile; fileRef = 9A4CA653182526430012E565 /* fish8.png */; };
		9A4CA675182526430012E565 /* fish9.png in Resources */ = {isa = PBXBuildFile; fileRef = 9A4CA654182526430012E565 /* fish9.png */; };
		9A4CA676182526430012E565 /* fish10.png in Resources */ = {isa = PBXBuildFile; fileRef = 9A4CA655182526430012E565 /* fish10.png */; };
		9A7E025218068AAD00CE98DF /* fish3.png in Resources */ = {isa = PBXBuildFile; fileRef = 9A7E025118068AAD00CE98DF /* fish3.png */; };
		9A7E025418068AB800CE98DF /* fish1.png in Resources */ = {isa = PBXBuildFile; fileRef = 9A7E025318068AB800CE98DF /* fish1.png */; };
		9A7EF1171819E2E0000C81E6 /* threeStarsWhite.png in Resources */ = {isa = PBXBuildFile; fileRef = 9A7EF1161819E2E0000C81E6 /* threeStarsWhite.png */; };
		9A7EF11C181A0857000C81E6 /* background-spring.png in Resources */ = {isa = PBXBuildFile; fileRef = 9A7EF11B181A0857000C81E6 /* background-spring.png */; };
		9A955057180179F300DFF8E4 /* UIKit.framework in Frameworks */ = {isa = PBXBuildFile; fileRef = 9A955056180179F300DFF8E4 /* UIKit.framework */; };
		9A955059180179F400DFF8E4 /* Foundation.framework in Frameworks */ = {isa = PBXBuildFile; fileRef = 9A955058180179F300DFF8E4 /* Foundation.framework */; };
		9A95505B180179F400DFF8E4 /* CoreGraphics.framework in Frameworks */ = {isa = PBXBuildFile; fileRef = 9A95505A180179F400DFF8E4 /* CoreGraphics.framework */; };
		9A955063180179F400DFF8E4 /* main.m in Sources */ = {isa = PBXBuildFile; fileRef = 9A955062180179F400DFF8E4 /* main.m */; };
		9A955069180179F400DFF8E4 /* Default.png in Resources */ = {isa = PBXBuildFile; fileRef = 9A955068180179F400DFF8E4 /* Default.png */; };
		9A95506B180179F400DFF8E4 /* Default@2x.png in Resources */ = {isa = PBXBuildFile; fileRef = 9A95506A180179F400DFF8E4 /* Default@2x.png */; };
		9A95506D180179F400DFF8E4 /* Default-568h@2x.png in Resources */ = {isa = PBXBuildFile; fileRef = 9A95506C180179F400DFF8E4 /* Default-568h@2x.png */; };
		9AB941151801AF91003F79FE /* whiteStar.png in Resources */ = {isa = PBXBuildFile; fileRef = 9AB941141801AF91003F79FE /* whiteStar.png */; };
		9AB941171801B002003F79FE /* yellowStar.png in Resources */ = {isa = PBXBuildFile; fileRef = 9AB941161801B002003F79FE /* yellowStar.png */; };
		9AC3F4FD180E99D90028C05C /* quarter1.png in Resources */ = {isa = PBXBuildFile; fileRef = 9AC3F4FC180E99D90028C05C /* quarter1.png */; };
		9AC3F4FF180E9A740028C05C /* quarter2.png in Resources */ = {isa = PBXBuildFile; fileRef = 9AC3F4FE180E9A740028C05C /* quarter2.png */; };
		9AF23ABB181DE47F003DA89C /* normal_cs_Tutorial3.png in Resources */ = {isa = PBXBuildFile; fileRef = 9AF23AB2181DE47E003DA89C /* normal_cs_Tutorial3.png */; };
		9AF23ABC181DE47F003DA89C /* normal_cs_Tutorial8.png in Resources */ = {isa = PBXBuildFile; fileRef = 9AF23AB3181DE47E003DA89C /* normal_cs_Tutorial8.png */; };
		9AF23ABD181DE47F003DA89C /* normal_cs_Tutorial7.png in Resources */ = {isa = PBXBuildFile; fileRef = 9AF23AB4181DE47E003DA89C /* normal_cs_Tutorial7.png */; };
		9AF23ABE181DE47F003DA89C /* normal_cs_Tutorial6.png in Resources */ = {isa = PBXBuildFile; fileRef = 9AF23AB5181DE47F003DA89C /* normal_cs_Tutorial6.png */; };
		9AF23ABF181DE47F003DA89C /* normal_cs_Tutorial9.png in Resources */ = {isa = PBXBuildFile; fileRef = 9AF23AB6181DE47F003DA89C /* normal_cs_Tutorial9.png */; };
		9AF23AC0181DE47F003DA89C /* normal_cs_Tutorial5.png in Resources */ = {isa = PBXBuildFile; fileRef = 9AF23AB7181DE47F003DA89C /* normal_cs_Tutorial5.png */; };
		9AF23AC1181DE47F003DA89C /* normal_cs_Tutorial4.png in Resources */ = {isa = PBXBuildFile; fileRef = 9AF23AB8181DE47F003DA89C /* normal_cs_Tutorial4.png */; };
		9AF23AC2181DE47F003DA89C /* normal_cs_Tutorial2.png in Resources */ = {isa = PBXBuildFile; fileRef = 9AF23AB9181DE47F003DA89C /* normal_cs_Tutorial2.png */; };
		9AF23AC3181DE47F003DA89C /* normal_cs_Tutorial1.png in Resources */ = {isa = PBXBuildFile; fileRef = 9AF23ABA181DE47F003DA89C /* normal_cs_Tutorial1.png */; };
		9AF23ACD181DE69B003DA89C /* hard_cs_Tutorial9.png in Resources */ = {isa = PBXBuildFile; fileRef = 9AF23AC4181DE69A003DA89C /* hard_cs_Tutorial9.png */; };
		9AF23ACE181DE69B003DA89C /* hard_cs_Tutorial8.png in Resources */ = {isa = PBXBuildFile; fileRef = 9AF23AC5181DE69A003DA89C /* hard_cs_Tutorial8.png */; };
		9AF23ACF181DE69B003DA89C /* hard_cs_Tutorial7.png in Resources */ = {isa = PBXBuildFile; fileRef = 9AF23AC6181DE69A003DA89C /* hard_cs_Tutorial7.png */; };
		9AF23AD0181DE69B003DA89C /* hard_cs_Tutorial6.png in Resources */ = {isa = PBXBuildFile; fileRef = 9AF23AC7181DE69A003DA89C /* hard_cs_Tutorial6.png */; };
		9AF23AD1181DE69B003DA89C /* hard_cs_Tutorial5.png in Resources */ = {isa = PBXBuildFile; fileRef = 9AF23AC8181DE69B003DA89C /* hard_cs_Tutorial5.png */; };
		9AF23AD2181DE69B003DA89C /* hard_cs_Tutorial4.png in Resources */ = {isa = PBXBuildFile; fileRef = 9AF23AC9181DE69B003DA89C /* hard_cs_Tutorial4.png */; };
		9AF23AD3181DE69B003DA89C /* hard_cs_Tutorial3.png in Resources */ = {isa = PBXBuildFile; fileRef = 9AF23ACA181DE69B003DA89C /* hard_cs_Tutorial3.png */; };
		9AF23AD4181DE69B003DA89C /* hard_cs_Tutorial2.png in Resources */ = {isa = PBXBuildFile; fileRef = 9AF23ACB181DE69B003DA89C /* hard_cs_Tutorial2.png */; };
		9AF23AD5181DE69B003DA89C /* hard_cs_Tutorial1.png in Resources */ = {isa = PBXBuildFile; fileRef = 9AF23ACC181DE69B003DA89C /* hard_cs_Tutorial1.png */; };
		EB59F899182D9DA500BA6A7F /* ClockFace01.png in Resources */ = {isa = PBXBuildFile; fileRef = EB59F897182D9DA500BA6A7F /* ClockFace01.png */; };
		EB59F89A182D9DA500BA6A7F /* ClockHand01.png in Resources */ = {isa = PBXBuildFile; fileRef = EB59F898182D9DA500BA6A7F /* ClockHand01.png */; };
		EB59F89E182D9DB100BA6A7F /* ClockWorkViewController.m in Sources */ = {isa = PBXBuildFile; fileRef = EB59F89C182D9DB100BA6A7F /* ClockWorkViewController.m */; };
		EB59F89F182D9DB100BA6A7F /* ClockWorkViewController.xib in Resources */ = {isa = PBXBuildFile; fileRef = EB59F89D182D9DB100BA6A7F /* ClockWorkViewController.xib */; };
		EB59F8A9183032A700BA6A7F /* ImageSuperShopper.m in Sources */ = {isa = PBXBuildFile; fileRef = EB59F8A6183032A700BA6A7F /* ImageSuperShopper.m */; };
		EB59F8AC183032B400BA6A7F /* MyButtonMakingCents.m in Sources */ = {isa = PBXBuildFile; fileRef = EB59F8AB183032B400BA6A7F /* MyButtonMakingCents.m */; };
		EB59F8B0183032C200BA6A7F /* SuperShopperViewController.m in Sources */ = {isa = PBXBuildFile; fileRef = EB59F8AE183032C200BA6A7F /* SuperShopperViewController.m */; };
		EB59F8B1183032C200BA6A7F /* SuperShopperViewController.xib in Resources */ = {isa = PBXBuildFile; fileRef = EB59F8AF183032C200BA6A7F /* SuperShopperViewController.xib */; };
		EB67AF951827324100AA3FD9 /* libCorePlot-CocoaTouch.a in Frameworks */ = {isa = PBXBuildFile; fileRef = EB67AF941827324100AA3FD9 /* libCorePlot-CocoaTouch.a */; };
		EB8C09B8181B6E29005CB751 /* libsqlite3.0.dylib in Frameworks */ = {isa = PBXBuildFile; fileRef = EB8C09B7181B6E29005CB751 /* libsqlite3.0.dylib */; };
		EBA5EF051830EA780095DBE2 /* dollar.png in Resources */ = {isa = PBXBuildFile; fileRef = EBA5EF041830EA780095DBE2 /* dollar.png */; };
		EBAA44771826FBEE0038DA74 /* QuartzCore.framework in Frameworks */ = {isa = PBXBuildFile; fileRef = EBAA44761826FBEE0038DA74 /* QuartzCore.framework */; };
		EBAA44C81826FDC10038DA74 /* Accelerate.framework in Frameworks */ = {isa = PBXBuildFile; fileRef = EBAA44C71826FDC10038DA74 /* Accelerate.framework */; settings = {ATTRIBUTES = (Required, ); }; };
		EBF002E2182D97F400F9F3E8 /* AppDelegate.m in Sources */ = {isa = PBXBuildFile; fileRef = EBF002BA182D97F400F9F3E8 /* AppDelegate.m */; };
		EBF002E3182D97F400F9F3E8 /* CountingStarsViewController.xib in Resources */ = {isa = PBXBuildFile; fileRef = EBF002BC182D97F400F9F3E8 /* CountingStarsViewController.xib */; };
		EBF002E4182D97F400F9F3E8 /* CreateAccountViewController.m in Sources */ = {isa = PBXBuildFile; fileRef = EBF002BE182D97F400F9F3E8 /* CreateAccountViewController.m */; };
		EBF002E5182D97F400F9F3E8 /* CreateAccountViewController.xib in Resources */ = {isa = PBXBuildFile; fileRef = EBF002BF182D97F400F9F3E8 /* CreateAccountViewController.xib */; };
		EBF002E6182D97F400F9F3E8 /* DBManager.m in Sources */ = {isa = PBXBuildFile; fileRef = EBF002C1182D97F400F9F3E8 /* DBManager.m */; };
		EBF002E7182D97F400F9F3E8 /* FishToFishViewController.m in Sources */ = {isa = PBXBuildFile; fileRef = EBF002C3182D97F400F9F3E8 /* FishToFishViewController.m */; };
		EBF002E8182D97F400F9F3E8 /* FishToFishViewController.xib in Resources */ = {isa = PBXBuildFile; fileRef = EBF002C4182D97F400F9F3E8 /* FishToFishViewController.xib */; };
		EBF002E9182D97F400F9F3E8 /* GameViewController.m in Sources */ = {isa = PBXBuildFile; fileRef = EBF002C6182D97F400F9F3E8 /* GameViewController.m */; };
		EBF002EA182D97F400F9F3E8 /* GlobalVariables.m in Sources */ = {isa = PBXBuildFile; fileRef = EBF002C8182D97F400F9F3E8 /* GlobalVariables.m */; };
		EBF002EF182D97F400F9F3E8 /* LogInViewController.m in Sources */ = {isa = PBXBuildFile; fileRef = EBF002D0182D97F400F9F3E8 /* LogInViewController.m */; };
		EBF002F0182D97F400F9F3E8 /* LogInViewController.xib in Resources */ = {isa = PBXBuildFile; fileRef = EBF002D1182D97F400F9F3E8 /* LogInViewController.xib */; };
		EBF002F1182D97F400F9F3E8 /* MakingCentsViewController.m in Sources */ = {isa = PBXBuildFile; fileRef = EBF002D3182D97F400F9F3E8 /* MakingCentsViewController.m */; };
		EBF002F2182D97F400F9F3E8 /* MakingCentsViewController.xib in Resources */ = {isa = PBXBuildFile; fileRef = EBF002D4182D97F400F9F3E8 /* MakingCentsViewController.xib */; };
		EBF002F3182D97F400F9F3E8 /* MasterViewController.m in Sources */ = {isa = PBXBuildFile; fileRef = EBF002D6182D97F400F9F3E8 /* MasterViewController.m */; };
		EBF002F4182D97F400F9F3E8 /* OptionsViewController.m in Sources */ = {isa = PBXBuildFile; fileRef = EBF002D8182D97F400F9F3E8 /* OptionsViewController.m */; };
		EBF002F5182D97F400F9F3E8 /* OptionsViewController.xib in Resources */ = {isa = PBXBuildFile; fileRef = EBF002D9182D97F400F9F3E8 /* OptionsViewController.xib */; };
		EBF002F6182D97F400F9F3E8 /* SessionStatisticsViewController.m in Sources */ = {isa = PBXBuildFile; fileRef = EBF002DB182D97F400F9F3E8 /* SessionStatisticsViewController.m */; };
		EBF002F7182D97F400F9F3E8 /* SessionStatisticsViewController.xib in Resources */ = {isa = PBXBuildFile; fileRef = EBF002DC182D97F400F9F3E8 /* SessionStatisticsViewController.xib */; };
		EBF002F8182D97F400F9F3E8 /* StatisticsViewController.xib in Resources */ = {isa = PBXBuildFile; fileRef = EBF002DE182D97F400F9F3E8 /* StatisticsViewController.xib */; };
		EBF002F9182D97F400F9F3E8 /* TutorialCountingStarsViewController.m in Sources */ = {isa = PBXBuildFile; fileRef = EBF002E0182D97F400F9F3E8 /* TutorialCountingStarsViewController.m */; };
		EBF002FA182D97F400F9F3E8 /* TutorialCountingStarsViewController.xib in Resources */ = {isa = PBXBuildFile; fileRef = EBF002E1182D97F400F9F3E8 /* TutorialCountingStarsViewController.xib */; };
		EBF002FC182D981100F9F3E8 /* MasterViewController.xib in Resources */ = {isa = PBXBuildFile; fileRef = EBF002FB182D981100F9F3E8 /* MasterViewController.xib */; };
		EBF002FF182D998500F9F3E8 /* CountingStarsViewController.m in Sources */ = {isa = PBXBuildFile; fileRef = EBF002FE182D998500F9F3E8 /* CountingStarsViewController.m */; };
		EBF00301182D99B800F9F3E8 /* StatisticsViewController.m in Sources */ = {isa = PBXBuildFile; fileRef = EBF00300182D99B800F9F3E8 /* StatisticsViewController.m */; };
/* End PBXBuildFile section */

/* Begin PBXFileReference section */
		9A0510FE18063BC8009476AF /* fish2.png */ = {isa = PBXFileReference; lastKnownFileType = image.png; name = fish2.png; path = "Pictures for math masters/FishToFish/fish2.png"; sourceTree = "<group>"; };
		9A05110218063CC0009476AF /* fish4.png */ = {isa = PBXFileReference; lastKnownFileType = image.png; name = fish4.png; path = "Pictures for math masters/FishToFish/fish4.png"; sourceTree = "<group>"; };
		9A05110418063CD0009476AF /* fish5.png */ = {isa = PBXFileReference; lastKnownFileType = image.png; name = fish5.png; path = "Pictures for math masters/FishToFish/fish5.png"; sourceTree = "<group>"; };
		9A05110618063CD5009476AF /* fish6.png */ = {isa = PBXFileReference; lastKnownFileType = image.png; name = fish6.png; path = "Pictures for math masters/FishToFish/fish6.png"; sourceTree = "<group>"; };
		9A05110818063CE3009476AF /* fish7.png */ = {isa = PBXFileReference; lastKnownFileType = image.png; name = fish7.png; path = "Pictures for math masters/FishToFish/fish7.png"; sourceTree = "<group>"; };
		9A24ABF21806AAAB0061D40E /* Dime.png */ = {isa = PBXFileReference; lastKnownFileType = image.png; name = Dime.png; path = "Pictures for math masters/MakingCents/Dime.png"; sourceTree = "<group>"; };
		9A24ABF31806AAAB0061D40E /* Nickel.png */ = {isa = PBXFileReference; lastKnownFileType = image.png; name = Nickel.png; path = "Pictures for math masters/MakingCents/Nickel.png"; sourceTree = "<group>"; };
		9A24ABF41806AAAB0061D40E /* Quarter.png */ = {isa = PBXFileReference; lastKnownFileType = image.png; name = Quarter.png; path = "Pictures for math masters/MakingCents/Quarter.png"; sourceTree = "<group>"; };
		9A24ABF81806B0CB0061D40E /* yellow.png */ = {isa = PBXFileReference; lastKnownFileType = image.png; name = yellow.png; path = "Pictures for math masters/MakingCents/yellow.png"; sourceTree = "<group>"; };
		9A4881C8181924FD00E9347B /* threeStarsColor.png */ = {isa = PBXFileReference; lastKnownFileType = image.png; name = threeStarsColor.png; path = "Pictures for math masters/CountingStars/threeStarsColor.png"; sourceTree = "<group>"; };
		9A4CA635182526420012E565 /* 10.png */ = {isa = PBXFileReference; lastKnownFileType = image.png; name = 10.png; path = "Pictures for math masters/FishToFish/10.png"; sourceTree = "<group>"; };
		9A4CA636182526420012E565 /* 9.png */ = {isa = PBXFileReference; lastKnownFileType = image.png; name = 9.png; path = "Pictures for math masters/FishToFish/9.png"; sourceTree = "<group>"; };
		9A4CA637182526420012E565 /* 8.png */ = {isa = PBXFileReference; lastKnownFileType = image.png; name = 8.png; path = "Pictures for math masters/FishToFish/8.png"; sourceTree = "<group>"; };
		9A4CA638182526420012E565 /* 7.png */ = {isa = PBXFileReference; lastKnownFileType = image.png; name = 7.png; path = "Pictures for math masters/FishToFish/7.png"; sourceTree = "<group>"; };
		9A4CA639182526420012E565 /* 6.png */ = {isa = PBXFileReference; lastKnownFileType = image.png; name = 6.png; path = "Pictures for math masters/FishToFish/6.png"; sourceTree = "<group>"; };
		9A4CA63A182526420012E565 /* 5.png */ = {isa = PBXFileReference; lastKnownFileType = image.png; name = 5.png; path = "Pictures for math masters/FishToFish/5.png"; sourceTree = "<group>"; };
		9A4CA63B182526420012E565 /* 4.png */ = {isa = PBXFileReference; lastKnownFileType = image.png; name = 4.png; path = "Pictures for math masters/FishToFish/4.png"; sourceTree = "<group>"; };
		9A4CA63C182526420012E565 /* 3.png */ = {isa = PBXFileReference; lastKnownFileType = image.png; name = 3.png; path = "Pictures for math masters/FishToFish/3.png"; sourceTree = "<group>"; };
		9A4CA63D182526420012E565 /* 2.png */ = {isa = PBXFileReference; lastKnownFileType = image.png; name = 2.png; path = "Pictures for math masters/FishToFish/2.png"; sourceTree = "<group>"; };
		9A4CA63E182526420012E565 /* 1.png */ = {isa = PBXFileReference; lastKnownFileType = image.png; name = 1.png; path = "Pictures for math masters/FishToFish/1.png"; sourceTree = "<group>"; };
		9A4CA63F182526420012E565 /* orange10.png */ = {isa = PBXFileReference; lastKnownFileType = image.png; name = orange10.png; path = "Pictures for math masters/FishToFish/orange10.png"; sourceTree = "<group>"; };
		9A4CA640182526420012E565 /* orange9.png */ = {isa = PBXFileReference; lastKnownFileType = image.png; name = orange9.png; path = "Pictures for math masters/FishToFish/orange9.png"; sourceTree = "<group>"; };
		9A4CA641182526420012E565 /* orange8.png */ = {isa = PBXFileReference; lastKnownFileType = image.png; name = orange8.png; path = "Pictures for math masters/FishToFish/orange8.png"; sourceTree = "<group>"; };
		9A4CA642182526420012E565 /* orange7.png */ = {isa = PBXFileReference; lastKnownFileType = image.png; name = orange7.png; path = "Pictures for math masters/FishToFish/orange7.png"; sourceTree = "<group>"; };
		9A4CA643182526420012E565 /* orange6.png */ = {isa = PBXFileReference; lastKnownFileType = image.png; name = orange6.png; path = "Pictures for math masters/FishToFish/orange6.png"; sourceTree = "<group>"; };
		9A4CA644182526420012E565 /* orange5.png */ = {isa = PBXFileReference; lastKnownFileType = image.png; name = orange5.png; path = "Pictures for math masters/FishToFish/orange5.png"; sourceTree = "<group>"; };
		9A4CA645182526420012E565 /* orange4.png */ = {isa = PBXFileReference; lastKnownFileType = image.png; name = orange4.png; path = "Pictures for math masters/FishToFish/orange4.png"; sourceTree = "<group>"; };
		9A4CA646182526420012E565 /* orange3.png */ = {isa = PBXFileReference; lastKnownFileType = image.png; name = orange3.png; path = "Pictures for math masters/FishToFish/orange3.png"; sourceTree = "<group>"; };
		9A4CA647182526430012E565 /* orange2.png */ = {isa = PBXFileReference; lastKnownFileType = image.png; name = orange2.png; path = "Pictures for math masters/FishToFish/orange2.png"; sourceTree = "<group>"; };
		9A4CA648182526430012E565 /* orange1.png */ = {isa = PBXFileReference; lastKnownFileType = image.png; name = orange1.png; path = "Pictures for math masters/FishToFish/orange1.png"; sourceTree = "<group>"; };
		9A4CA649182526430012E565 /* apple10.png */ = {isa = PBXFileReference; lastKnownFileType = image.png; name = apple10.png; path = "Pictures for math masters/FishToFish/apple10.png"; sourceTree = "<group>"; };
		9A4CA64A182526430012E565 /* apple9.png */ = {isa = PBXFileReference; lastKnownFileType = image.png; name = apple9.png; path = "Pictures for math masters/FishToFish/apple9.png"; sourceTree = "<group>"; };
		9A4CA64B182526430012E565 /* apple8.png */ = {isa = PBXFileReference; lastKnownFileType = image.png; name = apple8.png; path = "Pictures for math masters/FishToFish/apple8.png"; sourceTree = "<group>"; };
		9A4CA64C182526430012E565 /* apple7.png */ = {isa = PBXFileReference; lastKnownFileType = image.png; name = apple7.png; path = "Pictures for math masters/FishToFish/apple7.png"; sourceTree = "<group>"; };
		9A4CA64D182526430012E565 /* apple6.png */ = {isa = PBXFileReference; lastKnownFileType = image.png; name = apple6.png; path = "Pictures for math masters/FishToFish/apple6.png"; sourceTree = "<group>"; };
		9A4CA64E182526430012E565 /* apple5.png */ = {isa = PBXFileReference; lastKnownFileType = image.png; name = apple5.png; path = "Pictures for math masters/FishToFish/apple5.png"; sourceTree = "<group>"; };
		9A4CA64F182526430012E565 /* apple4.png */ = {isa = PBXFileReference; lastKnownFileType = image.png; name = apple4.png; path = "Pictures for math masters/FishToFish/apple4.png"; sourceTree = "<group>"; };
		9A4CA650182526430012E565 /* apple3.png */ = {isa = PBXFileReference; lastKnownFileType = image.png; name = apple3.png; path = "Pictures for math masters/FishToFish/apple3.png"; sourceTree = "<group>"; };
		9A4CA651182526430012E565 /* apple2.png */ = {isa = PBXFileReference; lastKnownFileType = image.png; name = apple2.png; path = "Pictures for math masters/FishToFish/apple2.png"; sourceTree = "<group>"; };
		9A4CA652182526430012E565 /* apple1.png */ = {isa = PBXFileReference; lastKnownFileType = image.png; name = apple1.png; path = "Pictures for math masters/FishToFish/apple1.png"; sourceTree = "<group>"; };
		9A4CA653182526430012E565 /* fish8.png */ = {isa = PBXFileReference; lastKnownFileType = image.png; name = fish8.png; path = "Pictures for math masters/FishToFish/fish8.png"; sourceTree = "<group>"; };
		9A4CA654182526430012E565 /* fish9.png */ = {isa = PBXFileReference; lastKnownFileType = image.png; name = fish9.png; path = "Pictures for math masters/FishToFish/fish9.png"; sourceTree = "<group>"; };
		9A4CA655182526430012E565 /* fish10.png */ = {isa = PBXFileReference; lastKnownFileType = image.png; name = fish10.png; path = "Pictures for math masters/FishToFish/fish10.png"; sourceTree = "<group>"; };
		9A7E025118068AAD00CE98DF /* fish3.png */ = {isa = PBXFileReference; lastKnownFileType = image.png; name = fish3.png; path = "Pictures for math masters/FishToFish/fish3.png"; sourceTree = "<group>"; };
		9A7E025318068AB800CE98DF /* fish1.png */ = {isa = PBXFileReference; lastKnownFileType = image.png; name = fish1.png; path = "Pictures for math masters/FishToFish/fish1.png"; sourceTree = "<group>"; };
		9A7EF1161819E2E0000C81E6 /* threeStarsWhite.png */ = {isa = PBXFileReference; lastKnownFileType = image.png; name = threeStarsWhite.png; path = "Pictures for math masters/CountingStars/threeStarsWhite.png"; sourceTree = "<group>"; };
		9A7EF11B181A0857000C81E6 /* background-spring.png */ = {isa = PBXFileReference; lastKnownFileType = image.png; name = "background-spring.png"; path = "Pictures for math masters/backgrounds/background-spring.png"; sourceTree = "<group>"; };
		9A955053180179F300DFF8E4 /* MathMasters.app */ = {isa = PBXFileReference; explicitFileType = wrapper.application; includeInIndex = 0; path = MathMasters.app; sourceTree = BUILT_PRODUCTS_DIR; };
		9A955056180179F300DFF8E4 /* UIKit.framework */ = {isa = PBXFileReference; lastKnownFileType = wrapper.framework; name = UIKit.framework; path = System/Library/Frameworks/UIKit.framework; sourceTree = SDKROOT; };
		9A955058180179F300DFF8E4 /* Foundation.framework */ = {isa = PBXFileReference; lastKnownFileType = wrapper.framework; name = Foundation.framework; path = System/Library/Frameworks/Foundation.framework; sourceTree = SDKROOT; };
		9A95505A180179F400DFF8E4 /* CoreGraphics.framework */ = {isa = PBXFileReference; lastKnownFileType = wrapper.framework; name = CoreGraphics.framework; path = System/Library/Frameworks/CoreGraphics.framework; sourceTree = SDKROOT; };
		9A95505E180179F400DFF8E4 /* MathMasters-Info.plist */ = {isa = PBXFileReference; lastKnownFileType = text.plist.xml; path = "MathMasters-Info.plist"; sourceTree = "<group>"; };
		9A955060180179F400DFF8E4 /* en */ = {isa = PBXFileReference; lastKnownFileType = text.plist.strings; name = en; path = en.lproj/InfoPlist.strings; sourceTree = "<group>"; };
		9A955062180179F400DFF8E4 /* main.m */ = {isa = PBXFileReference; lastKnownFileType = sourcecode.c.objc; path = main.m; sourceTree = "<group>"; };
		9A955064180179F400DFF8E4 /* MathMasters-Prefix.pch */ = {isa = PBXFileReference; lastKnownFileType = sourcecode.c.h; path = "MathMasters-Prefix.pch"; sourceTree = "<group>"; };
		9A955068180179F400DFF8E4 /* Default.png */ = {isa = PBXFileReference; lastKnownFileType = image.png; path = Default.png; sourceTree = "<group>"; };
		9A95506A180179F400DFF8E4 /* Default@2x.png */ = {isa = PBXFileReference; lastKnownFileType = image.png; path = "Default@2x.png"; sourceTree = "<group>"; };
		9A95506C180179F400DFF8E4 /* Default-568h@2x.png */ = {isa = PBXFileReference; lastKnownFileType = image.png; path = "Default-568h@2x.png"; sourceTree = "<group>"; };
		9AB941141801AF91003F79FE /* whiteStar.png */ = {isa = PBXFileReference; lastKnownFileType = image.png; name = whiteStar.png; path = "Pictures for math masters/CountingStars/whiteStar.png"; sourceTree = "<group>"; };
		9AB941161801B002003F79FE /* yellowStar.png */ = {isa = PBXFileReference; lastKnownFileType = image.png; name = yellowStar.png; path = "Pictures for math masters/CountingStars/yellowStar.png"; sourceTree = "<group>"; };
		9AC3F4FC180E99D90028C05C /* quarter1.png */ = {isa = PBXFileReference; lastKnownFileType = image.png; name = quarter1.png; path = "Pictures for math masters/MakingCents/quarter1.png"; sourceTree = "<group>"; };
		9AC3F4FE180E9A740028C05C /* quarter2.png */ = {isa = PBXFileReference; lastKnownFileType = image.png; name = quarter2.png; path = "Pictures for math masters/MakingCents/quarter2.png"; sourceTree = "<group>"; };
		9AF23AB2181DE47E003DA89C /* normal_cs_Tutorial3.png */ = {isa = PBXFileReference; lastKnownFileType = image.png; name = normal_cs_Tutorial3.png; path = "Pictures for math masters/CountingStars/normal_cs_Tutorial3.png"; sourceTree = "<group>"; };
		9AF23AB3181DE47E003DA89C /* normal_cs_Tutorial8.png */ = {isa = PBXFileReference; lastKnownFileType = image.png; name = normal_cs_Tutorial8.png; path = "Pictures for math masters/CountingStars/normal_cs_Tutorial8.png"; sourceTree = "<group>"; };
		9AF23AB4181DE47E003DA89C /* normal_cs_Tutorial7.png */ = {isa = PBXFileReference; lastKnownFileType = image.png; name = normal_cs_Tutorial7.png; path = "Pictures for math masters/CountingStars/normal_cs_Tutorial7.png"; sourceTree = "<group>"; };
		9AF23AB5181DE47F003DA89C /* normal_cs_Tutorial6.png */ = {isa = PBXFileReference; lastKnownFileType = image.png; name = normal_cs_Tutorial6.png; path = "Pictures for math masters/CountingStars/normal_cs_Tutorial6.png"; sourceTree = "<group>"; };
		9AF23AB6181DE47F003DA89C /* normal_cs_Tutorial9.png */ = {isa = PBXFileReference; lastKnownFileType = image.png; name = normal_cs_Tutorial9.png; path = "Pictures for math masters/CountingStars/normal_cs_Tutorial9.png"; sourceTree = "<group>"; };
		9AF23AB7181DE47F003DA89C /* normal_cs_Tutorial5.png */ = {isa = PBXFileReference; lastKnownFileType = image.png; name = normal_cs_Tutorial5.png; path = "Pictures for math masters/CountingStars/normal_cs_Tutorial5.png"; sourceTree = "<group>"; };
		9AF23AB8181DE47F003DA89C /* normal_cs_Tutorial4.png */ = {isa = PBXFileReference; lastKnownFileType = image.png; name = normal_cs_Tutorial4.png; path = "Pictures for math masters/CountingStars/normal_cs_Tutorial4.png"; sourceTree = "<group>"; };
		9AF23AB9181DE47F003DA89C /* normal_cs_Tutorial2.png */ = {isa = PBXFileReference; lastKnownFileType = image.png; name = normal_cs_Tutorial2.png; path = "Pictures for math masters/CountingStars/normal_cs_Tutorial2.png"; sourceTree = "<group>"; };
		9AF23ABA181DE47F003DA89C /* normal_cs_Tutorial1.png */ = {isa = PBXFileReference; lastKnownFileType = image.png; name = normal_cs_Tutorial1.png; path = "Pictures for math masters/CountingStars/normal_cs_Tutorial1.png"; sourceTree = "<group>"; };
		9AF23AC4181DE69A003DA89C /* hard_cs_Tutorial9.png */ = {isa = PBXFileReference; lastKnownFileType = image.png; name = hard_cs_Tutorial9.png; path = "Pictures for math masters/CountingStars/hard_cs_Tutorial9.png"; sourceTree = "<group>"; };
		9AF23AC5181DE69A003DA89C /* hard_cs_Tutorial8.png */ = {isa = PBXFileReference; lastKnownFileType = image.png; name = hard_cs_Tutorial8.png; path = "Pictures for math masters/CountingStars/hard_cs_Tutorial8.png"; sourceTree = "<group>"; };
		9AF23AC6181DE69A003DA89C /* hard_cs_Tutorial7.png */ = {isa = PBXFileReference; lastKnownFileType = image.png; name = hard_cs_Tutorial7.png; path = "Pictures for math masters/CountingStars/hard_cs_Tutorial7.png"; sourceTree = "<group>"; };
		9AF23AC7181DE69A003DA89C /* hard_cs_Tutorial6.png */ = {isa = PBXFileReference; lastKnownFileType = image.png; name = hard_cs_Tutorial6.png; path = "Pictures for math masters/CountingStars/hard_cs_Tutorial6.png"; sourceTree = "<group>"; };
		9AF23AC8181DE69B003DA89C /* hard_cs_Tutorial5.png */ = {isa = PBXFileReference; lastKnownFileType = image.png; name = hard_cs_Tutorial5.png; path = "Pictures for math masters/CountingStars/hard_cs_Tutorial5.png"; sourceTree = "<group>"; };
		9AF23AC9181DE69B003DA89C /* hard_cs_Tutorial4.png */ = {isa = PBXFileReference; lastKnownFileType = image.png; name = hard_cs_Tutorial4.png; path = "Pictures for math masters/CountingStars/hard_cs_Tutorial4.png"; sourceTree = "<group>"; };
		9AF23ACA181DE69B003DA89C /* hard_cs_Tutorial3.png */ = {isa = PBXFileReference; lastKnownFileType = image.png; name = hard_cs_Tutorial3.png; path = "Pictures for math masters/CountingStars/hard_cs_Tutorial3.png"; sourceTree = "<group>"; };
		9AF23ACB181DE69B003DA89C /* hard_cs_Tutorial2.png */ = {isa = PBXFileReference; lastKnownFileType = image.png; name = hard_cs_Tutorial2.png; path = "Pictures for math masters/CountingStars/hard_cs_Tutorial2.png"; sourceTree = "<group>"; };
		9AF23ACC181DE69B003DA89C /* hard_cs_Tutorial1.png */ = {isa = PBXFileReference; lastKnownFileType = image.png; name = hard_cs_Tutorial1.png; path = "Pictures for math masters/CountingStars/hard_cs_Tutorial1.png"; sourceTree = "<group>"; };
		EB59F897182D9DA500BA6A7F /* ClockFace01.png */ = {isa = PBXFileReference; lastKnownFileType = image.png; name = ClockFace01.png; path = "Pictures for math masters/ClockFace01.png"; sourceTree = "<group>"; };
		EB59F898182D9DA500BA6A7F /* ClockHand01.png */ = {isa = PBXFileReference; lastKnownFileType = image.png; name = ClockHand01.png; path = "Pictures for math masters/ClockHand01.png"; sourceTree = "<group>"; };
		EB59F89B182D9DB100BA6A7F /* ClockWorkViewController.h */ = {isa = PBXFileReference; fileEncoding = 4; lastKnownFileType = sourcecode.c.h; path = ClockWorkViewController.h; sourceTree = "<group>"; };
		EB59F89C182D9DB100BA6A7F /* ClockWorkViewController.m */ = {isa = PBXFileReference; fileEncoding = 4; lastKnownFileType = sourcecode.c.objc; path = ClockWorkViewController.m; sourceTree = "<group>"; };
		EB59F89D182D9DB100BA6A7F /* ClockWorkViewController.xib */ = {isa = PBXFileReference; fileEncoding = 4; lastKnownFileType = file.xib; path = ClockWorkViewController.xib; sourceTree = "<group>"; };
		EB59F8A5183032A700BA6A7F /* ImageSuperShopper.h */ = {isa = PBXFileReference; fileEncoding = 4; lastKnownFileType = sourcecode.c.h; path = ImageSuperShopper.h; sourceTree = "<group>"; };
		EB59F8A6183032A700BA6A7F /* ImageSuperShopper.m */ = {isa = PBXFileReference; fileEncoding = 4; lastKnownFileType = sourcecode.c.objc; path = ImageSuperShopper.m; sourceTree = "<group>"; };
		EB59F8AA183032B400BA6A7F /* MyButtonMakingCents.h */ = {isa = PBXFileReference; fileEncoding = 4; lastKnownFileType = sourcecode.c.h; path = MyButtonMakingCents.h; sourceTree = "<group>"; };
		EB59F8AB183032B400BA6A7F /* MyButtonMakingCents.m */ = {isa = PBXFileReference; fileEncoding = 4; lastKnownFileType = sourcecode.c.objc; path = MyButtonMakingCents.m; sourceTree = "<group>"; };
		EB59F8AD183032C200BA6A7F /* SuperShopperViewController.h */ = {isa = PBXFileReference; fileEncoding = 4; lastKnownFileType = sourcecode.c.h; path = SuperShopperViewController.h; sourceTree = "<group>"; };
		EB59F8AE183032C200BA6A7F /* SuperShopperViewController.m */ = {isa = PBXFileReference; fileEncoding = 4; lastKnownFileType = sourcecode.c.objc; path = SuperShopperViewController.m; sourceTree = "<group>"; };
		EB59F8AF183032C200BA6A7F /* SuperShopperViewController.xib */ = {isa = PBXFileReference; fileEncoding = 4; lastKnownFileType = file.xib; path = SuperShopperViewController.xib; sourceTree = "<group>"; };
		EB67AF941827324100AA3FD9 /* libCorePlot-CocoaTouch.a */ = {isa = PBXFileReference; lastKnownFileType = archive.ar; name = "libCorePlot-CocoaTouch.a"; path = "MathMasters/libCorePlot-CocoaTouch.a"; sourceTree = "<group>"; };
		EB8C09B7181B6E29005CB751 /* libsqlite3.0.dylib */ = {isa = PBXFileReference; lastKnownFileType = "compiled.mach-o.dylib"; name = libsqlite3.0.dylib; path = usr/lib/libsqlite3.0.dylib; sourceTree = SDKROOT; };
		EBA5EF041830EA780095DBE2 /* dollar.png */ = {isa = PBXFileReference; lastKnownFileType = image.png; name = dollar.png; path = "Pictures for math masters/MakingCents/dollar.png"; sourceTree = "<group>"; };
		EBAA44761826FBEE0038DA74 /* QuartzCore.framework */ = {isa = PBXFileReference; lastKnownFileType = wrapper.framework; name = QuartzCore.framework; path = System/Library/Frameworks/QuartzCore.framework; sourceTree = SDKROOT; };
		EBAA44791826FCA60038DA74 /* CorePlot-CocoaTouch.h */ = {isa = PBXFileReference; fileEncoding = 4; lastKnownFileType = sourcecode.c.h; path = "CorePlot-CocoaTouch.h"; sourceTree = "<group>"; };
		EBAA447A1826FCA60038DA74 /* CPTAnimation.h */ = {isa = PBXFileReference; fileEncoding = 4; lastKnownFileType = sourcecode.c.h; path = CPTAnimation.h; sourceTree = "<group>"; };
		EBAA447B1826FCA60038DA74 /* CPTAnimationOperation.h */ = {isa = PBXFileReference; fileEncoding = 4; lastKnownFileType = sourcecode.c.h; path = CPTAnimationOperation.h; sourceTree = "<group>"; };
		EBAA447C1826FCA60038DA74 /* CPTAnimationPeriod.h */ = {isa = PBXFileReference; fileEncoding = 4; lastKnownFileType = sourcecode.c.h; path = CPTAnimationPeriod.h; sourceTree = "<group>"; };
		EBAA447D1826FCA60038DA74 /* CPTAnnotation.h */ = {isa = PBXFileReference; fileEncoding = 4; lastKnownFileType = sourcecode.c.h; path = CPTAnnotation.h; sourceTree = "<group>"; };
		EBAA447E1826FCA60038DA74 /* CPTAnnotationHostLayer.h */ = {isa = PBXFileReference; fileEncoding = 4; lastKnownFileType = sourcecode.c.h; path = CPTAnnotationHostLayer.h; sourceTree = "<group>"; };
		EBAA447F1826FCA60038DA74 /* CPTAxis.h */ = {isa = PBXFileReference; fileEncoding = 4; lastKnownFileType = sourcecode.c.h; path = CPTAxis.h; sourceTree = "<group>"; };
		EBAA44801826FCA60038DA74 /* CPTAxisLabel.h */ = {isa = PBXFileReference; fileEncoding = 4; lastKnownFileType = sourcecode.c.h; path = CPTAxisLabel.h; sourceTree = "<group>"; };
		EBAA44811826FCA60038DA74 /* CPTAxisLabelGroup.h */ = {isa = PBXFileReference; fileEncoding = 4; lastKnownFileType = sourcecode.c.h; path = CPTAxisLabelGroup.h; sourceTree = "<group>"; };
		EBAA44821826FCA60038DA74 /* CPTAxisSet.h */ = {isa = PBXFileReference; fileEncoding = 4; lastKnownFileType = sourcecode.c.h; path = CPTAxisSet.h; sourceTree = "<group>"; };
		EBAA44831826FCA60038DA74 /* CPTAxisTitle.h */ = {isa = PBXFileReference; fileEncoding = 4; lastKnownFileType = sourcecode.c.h; path = CPTAxisTitle.h; sourceTree = "<group>"; };
		EBAA44841826FCA60038DA74 /* CPTBarPlot.h */ = {isa = PBXFileReference; fileEncoding = 4; lastKnownFileType = sourcecode.c.h; path = CPTBarPlot.h; sourceTree = "<group>"; };
		EBAA44851826FCA60038DA74 /* CPTBorderedLayer.h */ = {isa = PBXFileReference; fileEncoding = 4; lastKnownFileType = sourcecode.c.h; path = CPTBorderedLayer.h; sourceTree = "<group>"; };
		EBAA44861826FCA60038DA74 /* CPTCalendarFormatter.h */ = {isa = PBXFileReference; fileEncoding = 4; lastKnownFileType = sourcecode.c.h; path = CPTCalendarFormatter.h; sourceTree = "<group>"; };
		EBAA44871826FCA60038DA74 /* CPTColor.h */ = {isa = PBXFileReference; fileEncoding = 4; lastKnownFileType = sourcecode.c.h; path = CPTColor.h; sourceTree = "<group>"; };
		EBAA44881826FCA60038DA74 /* CPTColorSpace.h */ = {isa = PBXFileReference; fileEncoding = 4; lastKnownFileType = sourcecode.c.h; path = CPTColorSpace.h; sourceTree = "<group>"; };
		EBAA44891826FCA60038DA74 /* CPTConstraints.h */ = {isa = PBXFileReference; fileEncoding = 4; lastKnownFileType = sourcecode.c.h; path = CPTConstraints.h; sourceTree = "<group>"; };
		EBAA448A1826FCA60038DA74 /* CPTDataSourceTestCase.h */ = {isa = PBXFileReference; fileEncoding = 4; lastKnownFileType = sourcecode.c.h; path = CPTDataSourceTestCase.h; sourceTree = "<group>"; };
		EBAA448B1826FCA60038DA74 /* CPTDefinitions.h */ = {isa = PBXFileReference; fileEncoding = 4; lastKnownFileType = sourcecode.c.h; path = CPTDefinitions.h; sourceTree = "<group>"; };
		EBAA448C1826FCA60038DA74 /* CPTDerivedXYGraph.h */ = {isa = PBXFileReference; fileEncoding = 4; lastKnownFileType = sourcecode.c.h; path = CPTDerivedXYGraph.h; sourceTree = "<group>"; };
		EBAA448D1826FCA60038DA74 /* CPTExceptions.h */ = {isa = PBXFileReference; fileEncoding = 4; lastKnownFileType = sourcecode.c.h; path = CPTExceptions.h; sourceTree = "<group>"; };
		EBAA448E1826FCA60038DA74 /* CPTFill.h */ = {isa = PBXFileReference; fileEncoding = 4; lastKnownFileType = sourcecode.c.h; path = CPTFill.h; sourceTree = "<group>"; };
		EBAA448F1826FCA60038DA74 /* CPTFunctionDataSource.h */ = {isa = PBXFileReference; fileEncoding = 4; lastKnownFileType = sourcecode.c.h; path = CPTFunctionDataSource.h; sourceTree = "<group>"; };
		EBAA44901826FCA60038DA74 /* CPTGradient.h */ = {isa = PBXFileReference; fileEncoding = 4; lastKnownFileType = sourcecode.c.h; path = CPTGradient.h; sourceTree = "<group>"; };
		EBAA44911826FCA60038DA74 /* CPTGraph.h */ = {isa = PBXFileReference; fileEncoding = 4; lastKnownFileType = sourcecode.c.h; path = CPTGraph.h; sourceTree = "<group>"; };
		EBAA44921826FCA60038DA74 /* CPTGraphHostingView.h */ = {isa = PBXFileReference; fileEncoding = 4; lastKnownFileType = sourcecode.c.h; path = CPTGraphHostingView.h; sourceTree = "<group>"; };
		EBAA44931826FCA60038DA74 /* CPTGridLineGroup.h */ = {isa = PBXFileReference; fileEncoding = 4; lastKnownFileType = sourcecode.c.h; path = CPTGridLineGroup.h; sourceTree = "<group>"; };
		EBAA44941826FCA60038DA74 /* CPTGridLines.h */ = {isa = PBXFileReference; fileEncoding = 4; lastKnownFileType = sourcecode.c.h; path = CPTGridLines.h; sourceTree = "<group>"; };
		EBAA44951826FCA60038DA74 /* CPTImage.h */ = {isa = PBXFileReference; fileEncoding = 4; lastKnownFileType = sourcecode.c.h; path = CPTImage.h; sourceTree = "<group>"; };
		EBAA44961826FCA60038DA74 /* CPTLayer.h */ = {isa = PBXFileReference; fileEncoding = 4; lastKnownFileType = sourcecode.c.h; path = CPTLayer.h; sourceTree = "<group>"; };
		EBAA44971826FCA60038DA74 /* CPTLayerAnnotation.h */ = {isa = PBXFileReference; fileEncoding = 4; lastKnownFileType = sourcecode.c.h; path = CPTLayerAnnotation.h; sourceTree = "<group>"; };
		EBAA44981826FCA60038DA74 /* CPTLegend.h */ = {isa = PBXFileReference; fileEncoding = 4; lastKnownFileType = sourcecode.c.h; path = CPTLegend.h; sourceTree = "<group>"; };
		EBAA44991826FCA60038DA74 /* CPTLegendEntry.h */ = {isa = PBXFileReference; fileEncoding = 4; lastKnownFileType = sourcecode.c.h; path = CPTLegendEntry.h; sourceTree = "<group>"; };
		EBAA449A1826FCA60038DA74 /* CPTLimitBand.h */ = {isa = PBXFileReference; fileEncoding = 4; lastKnownFileType = sourcecode.c.h; path = CPTLimitBand.h; sourceTree = "<group>"; };
		EBAA449B1826FCA60038DA74 /* CPTLineCap.h */ = {isa = PBXFileReference; fileEncoding = 4; lastKnownFileType = sourcecode.c.h; path = CPTLineCap.h; sourceTree = "<group>"; };
		EBAA449C1826FCA60038DA74 /* CPTLineStyle.h */ = {isa = PBXFileReference; fileEncoding = 4; lastKnownFileType = sourcecode.c.h; path = CPTLineStyle.h; sourceTree = "<group>"; };
		EBAA449D1826FCA60038DA74 /* CPTMutableLineStyle.h */ = {isa = PBXFileReference; fileEncoding = 4; lastKnownFileType = sourcecode.c.h; path = CPTMutableLineStyle.h; sourceTree = "<group>"; };
		EBAA449E1826FCA60038DA74 /* CPTMutableNumericData.h */ = {isa = PBXFileReference; fileEncoding = 4; lastKnownFileType = sourcecode.c.h; path = CPTMutableNumericData.h; sourceTree = "<group>"; };
		EBAA449F1826FCA60038DA74 /* CPTMutableNumericData+TypeConversion.h */ = {isa = PBXFileReference; fileEncoding = 4; lastKnownFileType = sourcecode.c.h; path = "CPTMutableNumericData+TypeConversion.h"; sourceTree = "<group>"; };
		EBAA44A01826FCA60038DA74 /* CPTMutablePlotRange.h */ = {isa = PBXFileReference; fileEncoding = 4; lastKnownFileType = sourcecode.c.h; path = CPTMutablePlotRange.h; sourceTree = "<group>"; };
		EBAA44A11826FCA60038DA74 /* CPTMutableShadow.h */ = {isa = PBXFileReference; fileEncoding = 4; lastKnownFileType = sourcecode.c.h; path = CPTMutableShadow.h; sourceTree = "<group>"; };
		EBAA44A21826FCA60038DA74 /* CPTMutableTextStyle.h */ = {isa = PBXFileReference; fileEncoding = 4; lastKnownFileType = sourcecode.c.h; path = CPTMutableTextStyle.h; sourceTree = "<group>"; };
		EBAA44A31826FCA60038DA74 /* CPTNumericData.h */ = {isa = PBXFileReference; fileEncoding = 4; lastKnownFileType = sourcecode.c.h; path = CPTNumericData.h; sourceTree = "<group>"; };
		EBAA44A41826FCA60038DA74 /* CPTNumericData+TypeConversion.h */ = {isa = PBXFileReference; fileEncoding = 4; lastKnownFileType = sourcecode.c.h; path = "CPTNumericData+TypeConversion.h"; sourceTree = "<group>"; };
		EBAA44A51826FCA60038DA74 /* CPTNumericDataType.h */ = {isa = PBXFileReference; fileEncoding = 4; lastKnownFileType = sourcecode.c.h; path = CPTNumericDataType.h; sourceTree = "<group>"; };
		EBAA44A61826FCA60038DA74 /* CPTPathExtensions.h */ = {isa = PBXFileReference; fileEncoding = 4; lastKnownFileType = sourcecode.c.h; path = CPTPathExtensions.h; sourceTree = "<group>"; };
		EBAA44A71826FCA60038DA74 /* CPTPieChart.h */ = {isa = PBXFileReference; fileEncoding = 4; lastKnownFileType = sourcecode.c.h; path = CPTPieChart.h; sourceTree = "<group>"; };
		EBAA44A81826FCA60038DA74 /* CPTPlatformSpecificCategories.h */ = {isa = PBXFileReference; fileEncoding = 4; lastKnownFileType = sourcecode.c.h; path = CPTPlatformSpecificCategories.h; sourceTree = "<group>"; };
		EBAA44A91826FCA60038DA74 /* CPTPlatformSpecificDefines.h */ = {isa = PBXFileReference; fileEncoding = 4; lastKnownFileType = sourcecode.c.h; path = CPTPlatformSpecificDefines.h; sourceTree = "<group>"; };
		EBAA44AA1826FCA60038DA74 /* CPTPlatformSpecificFunctions.h */ = {isa = PBXFileReference; fileEncoding = 4; lastKnownFileType = sourcecode.c.h; path = CPTPlatformSpecificFunctions.h; sourceTree = "<group>"; };
		EBAA44AB1826FCA60038DA74 /* CPTPlot.h */ = {isa = PBXFileReference; fileEncoding = 4; lastKnownFileType = sourcecode.c.h; path = CPTPlot.h; sourceTree = "<group>"; };
		EBAA44AC1826FCA60038DA74 /* CPTPlotArea.h */ = {isa = PBXFileReference; fileEncoding = 4; lastKnownFileType = sourcecode.c.h; path = CPTPlotArea.h; sourceTree = "<group>"; };
		EBAA44AD1826FCA60038DA74 /* CPTPlotAreaFrame.h */ = {isa = PBXFileReference; fileEncoding = 4; lastKnownFileType = sourcecode.c.h; path = CPTPlotAreaFrame.h; sourceTree = "<group>"; };
		EBAA44AE1826FCA60038DA74 /* CPTPlotGroup.h */ = {isa = PBXFileReference; fileEncoding = 4; lastKnownFileType = sourcecode.c.h; path = CPTPlotGroup.h; sourceTree = "<group>"; };
		EBAA44AF1826FCA60038DA74 /* CPTPlotRange.h */ = {isa = PBXFileReference; fileEncoding = 4; lastKnownFileType = sourcecode.c.h; path = CPTPlotRange.h; sourceTree = "<group>"; };
		EBAA44B01826FCA60038DA74 /* CPTPlotSpace.h */ = {isa = PBXFileReference; fileEncoding = 4; lastKnownFileType = sourcecode.c.h; path = CPTPlotSpace.h; sourceTree = "<group>"; };
		EBAA44B11826FCA60038DA74 /* CPTPlotSpaceAnnotation.h */ = {isa = PBXFileReference; fileEncoding = 4; lastKnownFileType = sourcecode.c.h; path = CPTPlotSpaceAnnotation.h; sourceTree = "<group>"; };
		EBAA44B21826FCA60038DA74 /* CPTPlotSymbol.h */ = {isa = PBXFileReference; fileEncoding = 4; lastKnownFileType = sourcecode.c.h; path = CPTPlotSymbol.h; sourceTree = "<group>"; };
		EBAA44B31826FCA60038DA74 /* CPTRangePlot.h */ = {isa = PBXFileReference; fileEncoding = 4; lastKnownFileType = sourcecode.c.h; path = CPTRangePlot.h; sourceTree = "<group>"; };
		EBAA44B41826FCA60038DA74 /* CPTResponder.h */ = {isa = PBXFileReference; fileEncoding = 4; lastKnownFileType = sourcecode.c.h; path = CPTResponder.h; sourceTree = "<group>"; };
		EBAA44B51826FCA60038DA74 /* CPTScatterPlot.h */ = {isa = PBXFileReference; fileEncoding = 4; lastKnownFileType = sourcecode.c.h; path = CPTScatterPlot.h; sourceTree = "<group>"; };
		EBAA44B61826FCA60038DA74 /* CPTShadow.h */ = {isa = PBXFileReference; fileEncoding = 4; lastKnownFileType = sourcecode.c.h; path = CPTShadow.h; sourceTree = "<group>"; };
		EBAA44B71826FCA60038DA74 /* CPTTestCase.h */ = {isa = PBXFileReference; fileEncoding = 4; lastKnownFileType = sourcecode.c.h; path = CPTTestCase.h; sourceTree = "<group>"; };
		EBAA44B81826FCA60038DA74 /* CPTTextLayer.h */ = {isa = PBXFileReference; fileEncoding = 4; lastKnownFileType = sourcecode.c.h; path = CPTTextLayer.h; sourceTree = "<group>"; };
		EBAA44B91826FCA60038DA74 /* CPTTextStyle.h */ = {isa = PBXFileReference; fileEncoding = 4; lastKnownFileType = sourcecode.c.h; path = CPTTextStyle.h; sourceTree = "<group>"; };
		EBAA44BA1826FCA60038DA74 /* CPTTextStylePlatformSpecific.h */ = {isa = PBXFileReference; fileEncoding = 4; lastKnownFileType = sourcecode.c.h; path = CPTTextStylePlatformSpecific.h; sourceTree = "<group>"; };
		EBAA44BB1826FCA60038DA74 /* CPTTheme.h */ = {isa = PBXFileReference; fileEncoding = 4; lastKnownFileType = sourcecode.c.h; path = CPTTheme.h; sourceTree = "<group>"; };
		EBAA44BC1826FCA60038DA74 /* CPTTimeFormatter.h */ = {isa = PBXFileReference; fileEncoding = 4; lastKnownFileType = sourcecode.c.h; path = CPTTimeFormatter.h; sourceTree = "<group>"; };
		EBAA44BD1826FCA60038DA74 /* CPTTradingRangePlot.h */ = {isa = PBXFileReference; fileEncoding = 4; lastKnownFileType = sourcecode.c.h; path = CPTTradingRangePlot.h; sourceTree = "<group>"; };
		EBAA44BE1826FCA60038DA74 /* CPTUtilities.h */ = {isa = PBXFileReference; fileEncoding = 4; lastKnownFileType = sourcecode.c.h; path = CPTUtilities.h; sourceTree = "<group>"; };
		EBAA44BF1826FCA60038DA74 /* CPTXYAxis.h */ = {isa = PBXFileReference; fileEncoding = 4; lastKnownFileType = sourcecode.c.h; path = CPTXYAxis.h; sourceTree = "<group>"; };
		EBAA44C01826FCA60038DA74 /* CPTXYAxisSet.h */ = {isa = PBXFileReference; fileEncoding = 4; lastKnownFileType = sourcecode.c.h; path = CPTXYAxisSet.h; sourceTree = "<group>"; };
		EBAA44C11826FCA60038DA74 /* CPTXYGraph.h */ = {isa = PBXFileReference; fileEncoding = 4; lastKnownFileType = sourcecode.c.h; path = CPTXYGraph.h; sourceTree = "<group>"; };
		EBAA44C21826FCA60038DA74 /* CPTXYPlotSpace.h */ = {isa = PBXFileReference; fileEncoding = 4; lastKnownFileType = sourcecode.c.h; path = CPTXYPlotSpace.h; sourceTree = "<group>"; };
		EBAA44C31826FCA60038DA74 /* mainpage.h */ = {isa = PBXFileReference; fileEncoding = 4; lastKnownFileType = sourcecode.c.h; path = mainpage.h; sourceTree = "<group>"; };
		EBAA44C41826FCA60038DA74 /* NSCoderExtensions.h */ = {isa = PBXFileReference; fileEncoding = 4; lastKnownFileType = sourcecode.c.h; path = NSCoderExtensions.h; sourceTree = "<group>"; };
		EBAA44C51826FCA60038DA74 /* NSDecimalNumberExtensions.h */ = {isa = PBXFileReference; fileEncoding = 4; lastKnownFileType = sourcecode.c.h; path = NSDecimalNumberExtensions.h; sourceTree = "<group>"; };
		EBAA44C61826FCA60038DA74 /* NSNumberExtensions.h */ = {isa = PBXFileReference; fileEncoding = 4; lastKnownFileType = sourcecode.c.h; path = NSNumberExtensions.h; sourceTree = "<group>"; };
		EBAA44C71826FDC10038DA74 /* Accelerate.framework */ = {isa = PBXFileReference; lastKnownFileType = wrapper.framework; name = Accelerate.framework; path = System/Library/Frameworks/Accelerate.framework; sourceTree = SDKROOT; };
		EBF002B9182D97F400F9F3E8 /* AppDelegate.h */ = {isa = PBXFileReference; fileEncoding = 4; lastKnownFileType = sourcecode.c.h; path = AppDelegate.h; sourceTree = "<group>"; };
		EBF002BA182D97F400F9F3E8 /* AppDelegate.m */ = {isa = PBXFileReference; fileEncoding = 4; lastKnownFileType = sourcecode.c.objc; path = AppDelegate.m; sourceTree = "<group>"; };
		EBF002BB182D97F400F9F3E8 /* CountingStarsViewController.h */ = {isa = PBXFileReference; fileEncoding = 4; lastKnownFileType = sourcecode.c.h; path = CountingStarsViewController.h; sourceTree = "<group>"; };
		EBF002BC182D97F400F9F3E8 /* CountingStarsViewController.xib */ = {isa = PBXFileReference; fileEncoding = 4; lastKnownFileType = file.xib; path = CountingStarsViewController.xib; sourceTree = "<group>"; };
		EBF002BD182D97F400F9F3E8 /* CreateAccountViewController.h */ = {isa = PBXFileReference; fileEncoding = 4; lastKnownFileType = sourcecode.c.h; path = CreateAccountViewController.h; sourceTree = "<group>"; };
		EBF002BE182D97F400F9F3E8 /* CreateAccountViewController.m */ = {isa = PBXFileReference; fileEncoding = 4; lastKnownFileType = sourcecode.c.objc; path = CreateAccountViewController.m; sourceTree = "<group>"; };
		EBF002BF182D97F400F9F3E8 /* CreateAccountViewController.xib */ = {isa = PBXFileReference; fileEncoding = 4; lastKnownFileType = file.xib; path = CreateAccountViewController.xib; sourceTree = "<group>"; };
		EBF002C0182D97F400F9F3E8 /* DBManager.h */ = {isa = PBXFileReference; fileEncoding = 4; lastKnownFileType = sourcecode.c.h; path = DBManager.h; sourceTree = "<group>"; };
		EBF002C1182D97F400F9F3E8 /* DBManager.m */ = {isa = PBXFileReference; fileEncoding = 4; lastKnownFileType = sourcecode.c.objc; path = DBManager.m; sourceTree = "<group>"; };
		EBF002C2182D97F400F9F3E8 /* FishToFishViewController.h */ = {isa = PBXFileReference; fileEncoding = 4; lastKnownFileType = sourcecode.c.h; path = FishToFishViewController.h; sourceTree = "<group>"; };
		EBF002C3182D97F400F9F3E8 /* FishToFishViewController.m */ = {isa = PBXFileReference; fileEncoding = 4; lastKnownFileType = sourcecode.c.objc; path = FishToFishViewController.m; sourceTree = "<group>"; };
		EBF002C4182D97F400F9F3E8 /* FishToFishViewController.xib */ = {isa = PBXFileReference; fileEncoding = 4; lastKnownFileType = file.xib; path = FishToFishViewController.xib; sourceTree = "<group>"; };
		EBF002C5182D97F400F9F3E8 /* GameViewController.h */ = {isa = PBXFileReference; fileEncoding = 4; lastKnownFileType = sourcecode.c.h; path = GameViewController.h; sourceTree = "<group>"; };
		EBF002C6182D97F400F9F3E8 /* GameViewController.m */ = {isa = PBXFileReference; fileEncoding = 4; lastKnownFileType = sourcecode.c.objc; path = GameViewController.m; sourceTree = "<group>"; };
		EBF002C7182D97F400F9F3E8 /* GlobalVariables.h */ = {isa = PBXFileReference; fileEncoding = 4; lastKnownFileType = sourcecode.c.h; path = GlobalVariables.h; sourceTree = "<group>"; };
		EBF002C8182D97F400F9F3E8 /* GlobalVariables.m */ = {isa = PBXFileReference; fileEncoding = 4; lastKnownFileType = sourcecode.c.objc; path = GlobalVariables.m; sourceTree = "<group>"; };
		EBF002CF182D97F400F9F3E8 /* LogInViewController.h */ = {isa = PBXFileReference; fileEncoding = 4; lastKnownFileType = sourcecode.c.h; path = LogInViewController.h; sourceTree = "<group>"; };
		EBF002D0182D97F400F9F3E8 /* LogInViewController.m */ = {isa = PBXFileReference; fileEncoding = 4; lastKnownFileType = sourcecode.c.objc; path = LogInViewController.m; sourceTree = "<group>"; };
		EBF002D1182D97F400F9F3E8 /* LogInViewController.xib */ = {isa = PBXFileReference; fileEncoding = 4; lastKnownFileType = file.xib; path = LogInViewController.xib; sourceTree = "<group>"; };
		EBF002D2182D97F400F9F3E8 /* MakingCentsViewController.h */ = {isa = PBXFileReference; fileEncoding = 4; lastKnownFileType = sourcecode.c.h; path = MakingCentsViewController.h; sourceTree = "<group>"; };
		EBF002D3182D97F400F9F3E8 /* MakingCentsViewController.m */ = {isa = PBXFileReference; fileEncoding = 4; lastKnownFileType = sourcecode.c.objc; path = MakingCentsViewController.m; sourceTree = "<group>"; };
		EBF002D4182D97F400F9F3E8 /* MakingCentsViewController.xib */ = {isa = PBXFileReference; fileEncoding = 4; lastKnownFileType = file.xib; path = MakingCentsViewController.xib; sourceTree = "<group>"; };
		EBF002D5182D97F400F9F3E8 /* MasterViewController.h */ = {isa = PBXFileReference; fileEncoding = 4; lastKnownFileType = sourcecode.c.h; path = MasterViewController.h; sourceTree = "<group>"; };
		EBF002D6182D97F400F9F3E8 /* MasterViewController.m */ = {isa = PBXFileReference; fileEncoding = 4; lastKnownFileType = sourcecode.c.objc; path = MasterViewController.m; sourceTree = "<group>"; };
		EBF002D7182D97F400F9F3E8 /* OptionsViewController.h */ = {isa = PBXFileReference; fileEncoding = 4; lastKnownFileType = sourcecode.c.h; path = OptionsViewController.h; sourceTree = "<group>"; };
		EBF002D8182D97F400F9F3E8 /* OptionsViewController.m */ = {isa = PBXFileReference; fileEncoding = 4; lastKnownFileType = sourcecode.c.objc; path = OptionsViewController.m; sourceTree = "<group>"; };
		EBF002D9182D97F400F9F3E8 /* OptionsViewController.xib */ = {isa = PBXFileReference; fileEncoding = 4; lastKnownFileType = file.xib; path = OptionsViewController.xib; sourceTree = "<group>"; };
		EBF002DA182D97F400F9F3E8 /* SessionStatisticsViewController.h */ = {isa = PBXFileReference; fileEncoding = 4; lastKnownFileType = sourcecode.c.h; path = SessionStatisticsViewController.h; sourceTree = "<group>"; };
		EBF002DB182D97F400F9F3E8 /* SessionStatisticsViewController.m */ = {isa = PBXFileReference; fileEncoding = 4; lastKnownFileType = sourcecode.c.objc; path = SessionStatisticsViewController.m; sourceTree = "<group>"; };
		EBF002DC182D97F400F9F3E8 /* SessionStatisticsViewController.xib */ = {isa = PBXFileReference; fileEncoding = 4; lastKnownFileType = file.xib; path = SessionStatisticsViewController.xib; sourceTree = "<group>"; };
		EBF002DD182D97F400F9F3E8 /* StatisticsViewController.h */ = {isa = PBXFileReference; fileEncoding = 4; lastKnownFileType = sourcecode.c.h; path = StatisticsViewController.h; sourceTree = "<group>"; };
		EBF002DE182D97F400F9F3E8 /* StatisticsViewController.xib */ = {isa = PBXFileReference; fileEncoding = 4; lastKnownFileType = file.xib; path = StatisticsViewController.xib; sourceTree = "<group>"; };
		EBF002DF182D97F400F9F3E8 /* TutorialCountingStarsViewController.h */ = {isa = PBXFileReference; fileEncoding = 4; lastKnownFileType = sourcecode.c.h; path = TutorialCountingStarsViewController.h; sourceTree = "<group>"; };
		EBF002E0182D97F400F9F3E8 /* TutorialCountingStarsViewController.m */ = {isa = PBXFileReference; fileEncoding = 4; lastKnownFileType = sourcecode.c.objc; path = TutorialCountingStarsViewController.m; sourceTree = "<group>"; };
		EBF002E1182D97F400F9F3E8 /* TutorialCountingStarsViewController.xib */ = {isa = PBXFileReference; fileEncoding = 4; lastKnownFileType = file.xib; path = TutorialCountingStarsViewController.xib; sourceTree = "<group>"; };
		EBF002FB182D981100F9F3E8 /* MasterViewController.xib */ = {isa = PBXFileReference; fileEncoding = 4; lastKnownFileType = file.xib; path = MasterViewController.xib; sourceTree = "<group>"; };
		EBF002FD182D987000F9F3E8 /* CPTAxis.h */ = {isa = PBXFileReference; fileEncoding = 4; lastKnownFileType = sourcecode.c.h; path = CPTAxis.h; sourceTree = "<group>"; };
		EBF002FE182D998500F9F3E8 /* CountingStarsViewController.m */ = {isa = PBXFileReference; fileEncoding = 4; lastKnownFileType = sourcecode.c.objc; path = CountingStarsViewController.m; sourceTree = "<group>"; };
		EBF00300182D99B800F9F3E8 /* StatisticsViewController.m */ = {isa = PBXFileReference; fileEncoding = 4; lastKnownFileType = sourcecode.c.objc; path = StatisticsViewController.m; sourceTree = "<group>"; };
/* End PBXFileReference section */

/* Begin PBXFrameworksBuildPhase section */
		9A955050180179F300DFF8E4 /* Frameworks */ = {
			isa = PBXFrameworksBuildPhase;
			buildActionMask = 2147483647;
			files = (
				EB67AF951827324100AA3FD9 /* libCorePlot-CocoaTouch.a in Frameworks */,
				EBAA44C81826FDC10038DA74 /* Accelerate.framework in Frameworks */,
				EBAA44771826FBEE0038DA74 /* QuartzCore.framework in Frameworks */,
				EB8C09B8181B6E29005CB751 /* libsqlite3.0.dylib in Frameworks */,
				9A955057180179F300DFF8E4 /* UIKit.framework in Frameworks */,
				9A955059180179F400DFF8E4 /* Foundation.framework in Frameworks */,
				9A95505B180179F400DFF8E4 /* CoreGraphics.framework in Frameworks */,
			);
			runOnlyForDeploymentPostprocessing = 0;
		};
/* End PBXFrameworksBuildPhase section */

/* Begin PBXGroup section */
		9A0510F618063B02009476AF /* CountingStarsImages */ = {
			isa = PBXGroup;
			children = (
				9AF23AB2181DE47E003DA89C /* normal_cs_Tutorial3.png */,
				9AF23AB3181DE47E003DA89C /* normal_cs_Tutorial8.png */,
				9AF23AB4181DE47E003DA89C /* normal_cs_Tutorial7.png */,
				9AF23AB5181DE47F003DA89C /* normal_cs_Tutorial6.png */,
				9AF23AB6181DE47F003DA89C /* normal_cs_Tutorial9.png */,
				9AF23AB7181DE47F003DA89C /* normal_cs_Tutorial5.png */,
				9AF23AB8181DE47F003DA89C /* normal_cs_Tutorial4.png */,
				9AF23AB9181DE47F003DA89C /* normal_cs_Tutorial2.png */,
				9AF23ABA181DE47F003DA89C /* normal_cs_Tutorial1.png */,
				9A4881C8181924FD00E9347B /* threeStarsColor.png */,
				9A7EF1161819E2E0000C81E6 /* threeStarsWhite.png */,
				9AB941161801B002003F79FE /* yellowStar.png */,
				9AB941141801AF91003F79FE /* whiteStar.png */,
				9AF23AC4181DE69A003DA89C /* hard_cs_Tutorial9.png */,
				9AF23AC5181DE69A003DA89C /* hard_cs_Tutorial8.png */,
				9AF23AC6181DE69A003DA89C /* hard_cs_Tutorial7.png */,
				9AF23AC7181DE69A003DA89C /* hard_cs_Tutorial6.png */,
				9AF23AC8181DE69B003DA89C /* hard_cs_Tutorial5.png */,
				9AF23AC9181DE69B003DA89C /* hard_cs_Tutorial4.png */,
				9AF23ACA181DE69B003DA89C /* hard_cs_Tutorial3.png */,
				9AF23ACB181DE69B003DA89C /* hard_cs_Tutorial2.png */,
				9AF23ACC181DE69B003DA89C /* hard_cs_Tutorial1.png */,
			);
			name = CountingStarsImages;
			sourceTree = "<group>";
		};
		9A0510F718063B2F009476AF /* FishToFishImages */ = {
			isa = PBXGroup;
			children = (
				9A4CA635182526420012E565 /* 10.png */,
				9A4CA636182526420012E565 /* 9.png */,
				9A4CA637182526420012E565 /* 8.png */,
				9A4CA638182526420012E565 /* 7.png */,
				9A4CA639182526420012E565 /* 6.png */,
				9A4CA63A182526420012E565 /* 5.png */,
				9A4CA63B182526420012E565 /* 4.png */,
				9A4CA63C182526420012E565 /* 3.png */,
				9A4CA63D182526420012E565 /* 2.png */,
				9A4CA63E182526420012E565 /* 1.png */,
				9A4CA63F182526420012E565 /* orange10.png */,
				9A4CA640182526420012E565 /* orange9.png */,
				9A4CA641182526420012E565 /* orange8.png */,
				9A4CA642182526420012E565 /* orange7.png */,
				9A4CA643182526420012E565 /* orange6.png */,
				9A4CA644182526420012E565 /* orange5.png */,
				9A4CA645182526420012E565 /* orange4.png */,
				9A4CA646182526420012E565 /* orange3.png */,
				9A4CA647182526430012E565 /* orange2.png */,
				9A4CA648182526430012E565 /* orange1.png */,
				9A4CA649182526430012E565 /* apple10.png */,
				9A4CA64A182526430012E565 /* apple9.png */,
				9A4CA64B182526430012E565 /* apple8.png */,
				9A4CA64C182526430012E565 /* apple7.png */,
				9A4CA64D182526430012E565 /* apple6.png */,
				9A4CA64E182526430012E565 /* apple5.png */,
				9A4CA64F182526430012E565 /* apple4.png */,
				9A4CA650182526430012E565 /* apple3.png */,
				9A4CA651182526430012E565 /* apple2.png */,
				9A4CA652182526430012E565 /* apple1.png */,
				9A4CA653182526430012E565 /* fish8.png */,
				9A4CA654182526430012E565 /* fish9.png */,
				9A4CA655182526430012E565 /* fish10.png */,
				9A05110818063CE3009476AF /* fish7.png */,
				9A05110618063CD5009476AF /* fish6.png */,
				9A05110418063CD0009476AF /* fish5.png */,
				9A05110218063CC0009476AF /* fish4.png */,
				9A7E025118068AAD00CE98DF /* fish3.png */,
				9A0510FE18063BC8009476AF /* fish2.png */,
				9A7E025318068AB800CE98DF /* fish1.png */,
			);
			name = FishToFishImages;
			sourceTree = "<group>";
		};
		9A24ABF11806AA950061D40E /* MakingCentsImages */ = {
			isa = PBXGroup;
			children = (
				EBA5EF041830EA780095DBE2 /* dollar.png */,
				9AC3F4FE180E9A740028C05C /* quarter2.png */,
				9AC3F4FC180E99D90028C05C /* quarter1.png */,
				9A24ABF21806AAAB0061D40E /* Dime.png */,
				9A24ABF81806B0CB0061D40E /* yellow.png */,
				9A24ABF31806AAAB0061D40E /* Nickel.png */,
				9A24ABF41806AAAB0061D40E /* Quarter.png */,
			);
			name = MakingCentsImages;
			sourceTree = "<group>";
		};
		9A7EF11A181A01C6000C81E6 /* backgrounds */ = {
			isa = PBXGroup;
			children = (
				9A7EF11B181A0857000C81E6 /* background-spring.png */,
			);
			name = backgrounds;
			sourceTree = "<group>";
		};
		9A95504A180179F300DFF8E4 = {
			isa = PBXGroup;
			children = (
				9A95505C180179F400DFF8E4 /* MathMasters */,
				9A95505D180179F400DFF8E4 /* Supporting Files */,
				9A955055180179F300DFF8E4 /* Frameworks */,
				9A955054180179F300DFF8E4 /* Products */,
			);
			sourceTree = "<group>";
		};
		9A955054180179F300DFF8E4 /* Products */ = {
			isa = PBXGroup;
			children = (
				9A955053180179F300DFF8E4 /* MathMasters.app */,
			);
			name = Products;
			sourceTree = "<group>";
		};
		9A955055180179F300DFF8E4 /* Frameworks */ = {
			isa = PBXGroup;
			children = (
				EBAA44781826FC690038DA74 /* CorePlot */,
				EB67AF941827324100AA3FD9 /* libCorePlot-CocoaTouch.a */,
				EBAA44C71826FDC10038DA74 /* Accelerate.framework */,
				EBAA44761826FBEE0038DA74 /* QuartzCore.framework */,
				EB8C09B7181B6E29005CB751 /* libsqlite3.0.dylib */,
				9A955056180179F300DFF8E4 /* UIKit.framework */,
				9A955058180179F300DFF8E4 /* Foundation.framework */,
				9A95505A180179F400DFF8E4 /* CoreGraphics.framework */,
			);
			name = Frameworks;
			sourceTree = "<group>";
		};
		9A95505C180179F400DFF8E4 /* MathMasters */ = {
			isa = PBXGroup;
			children = (
				EB59F896182D9CE700BA6A7F /* Games */,
				EB59F8A0182D9F2700BA6A7F /* Menus */,
				EB59F8A1182D9F5F00BA6A7F /* Utility */,
			);
			path = MathMasters;
			sourceTree = "<group>";
		};
		9A95505D180179F400DFF8E4 /* Supporting Files */ = {
			isa = PBXGroup;
			children = (
				EB59F897182D9DA500BA6A7F /* ClockFace01.png */,
				EB59F898182D9DA500BA6A7F /* ClockHand01.png */,
				9A7EF11A181A01C6000C81E6 /* backgrounds */,
				9A24ABF11806AA950061D40E /* MakingCentsImages */,
				9A0510F718063B2F009476AF /* FishToFishImages */,
				9A0510F618063B02009476AF /* CountingStarsImages */,
				9A95505E180179F400DFF8E4 /* MathMasters-Info.plist */,
				9A95505F180179F400DFF8E4 /* InfoPlist.strings */,
				9A955062180179F400DFF8E4 /* main.m */,
				9A955064180179F400DFF8E4 /* MathMasters-Prefix.pch */,
				9A955068180179F400DFF8E4 /* Default.png */,
				9A95506A180179F400DFF8E4 /* Default@2x.png */,
				9A95506C180179F400DFF8E4 /* Default-568h@2x.png */,
			);
			name = "Supporting Files";
			path = MathMasters;
			sourceTree = "<group>";
		};
		EB59F896182D9CE700BA6A7F /* Games */ = {
			isa = PBXGroup;
			children = (
				EBF002C5182D97F400F9F3E8 /* GameViewController.h */,
				EBF002C6182D97F400F9F3E8 /* GameViewController.m */,
				EBF002BB182D97F400F9F3E8 /* CountingStarsViewController.h */,
				EBF002FE182D998500F9F3E8 /* CountingStarsViewController.m */,
				EBF002BC182D97F400F9F3E8 /* CountingStarsViewController.xib */,
				EBF002C2182D97F400F9F3E8 /* FishToFishViewController.h */,
				EBF002C3182D97F400F9F3E8 /* FishToFishViewController.m */,
				EBF002C4182D97F400F9F3E8 /* FishToFishViewController.xib */,
				EBF002D2182D97F400F9F3E8 /* MakingCentsViewController.h */,
				EBF002D3182D97F400F9F3E8 /* MakingCentsViewController.m */,
				EBF002D4182D97F400F9F3E8 /* MakingCentsViewController.xib */,
				EB59F8AD183032C200BA6A7F /* SuperShopperViewController.h */,
				EB59F8AE183032C200BA6A7F /* SuperShopperViewController.m */,
				EB59F8AF183032C200BA6A7F /* SuperShopperViewController.xib */,
				EB59F89B182D9DB100BA6A7F /* ClockWorkViewController.h */,
				EB59F89C182D9DB100BA6A7F /* ClockWorkViewController.m */,
				EB59F89D182D9DB100BA6A7F /* ClockWorkViewController.xib */,
				EBF002DF182D97F400F9F3E8 /* TutorialCountingStarsViewController.h */,
				EBF002E0182D97F400F9F3E8 /* TutorialCountingStarsViewController.m */,
				EBF002E1182D97F400F9F3E8 /* TutorialCountingStarsViewController.xib */,
			);
			name = Games;
			sourceTree = "<group>";
		};
		EB59F8A0182D9F2700BA6A7F /* Menus */ = {
			isa = PBXGroup;
			children = (
				EBF002BD182D97F400F9F3E8 /* CreateAccountViewController.h */,
				EBF002BE182D97F400F9F3E8 /* CreateAccountViewController.m */,
				EBF002BF182D97F400F9F3E8 /* CreateAccountViewController.xib */,
				EBF002CF182D97F400F9F3E8 /* LogInViewController.h */,
				EBF002D0182D97F400F9F3E8 /* LogInViewController.m */,
				EBF002D1182D97F400F9F3E8 /* LogInViewController.xib */,
				EBF002D5182D97F400F9F3E8 /* MasterViewController.h */,
				EBF002D6182D97F400F9F3E8 /* MasterViewController.m */,
				EBF002FB182D981100F9F3E8 /* MasterViewController.xib */,
				EBF002D7182D97F400F9F3E8 /* OptionsViewController.h */,
				EBF002D8182D97F400F9F3E8 /* OptionsViewController.m */,
				EBF002D9182D97F400F9F3E8 /* OptionsViewController.xib */,
				EBF002DA182D97F400F9F3E8 /* SessionStatisticsViewController.h */,
				EBF002DB182D97F400F9F3E8 /* SessionStatisticsViewController.m */,
				EBF002DC182D97F400F9F3E8 /* SessionStatisticsViewController.xib */,
				EBF002DD182D97F400F9F3E8 /* StatisticsViewController.h */,
				EBF00300182D99B800F9F3E8 /* StatisticsViewController.m */,
				EBF002DE182D97F400F9F3E8 /* StatisticsViewController.xib */,
			);
			name = Menus;
			sourceTree = "<group>";
		};
		EB59F8A1182D9F5F00BA6A7F /* Utility */ = {
			isa = PBXGroup;
			children = (
				EB59F8AA183032B400BA6A7F /* MyButtonMakingCents.h */,
				EB59F8AB183032B400BA6A7F /* MyButtonMakingCents.m */,
				EB59F8A5183032A700BA6A7F /* ImageSuperShopper.h */,
				EB59F8A6183032A700BA6A7F /* ImageSuperShopper.m */,
				EBF002B9182D97F400F9F3E8 /* AppDelegate.h */,
				EBF002C7182D97F400F9F3E8 /* GlobalVariables.h */,
				EBF002C8182D97F400F9F3E8 /* GlobalVariables.m */,
				EBF002C0182D97F400F9F3E8 /* DBManager.h */,
				EBF002C1182D97F400F9F3E8 /* DBManager.m */,
				EBF002BA182D97F400F9F3E8 /* AppDelegate.m */,
			);
			name = Utility;
			sourceTree = "<group>";
		};
		EBAA44781826FC690038DA74 /* CorePlot */ = {
			isa = PBXGroup;
			children = (
				EBF002FD182D987000F9F3E8 /* CPTAxis.h */,
				EBAA44791826FCA60038DA74 /* CorePlot-CocoaTouch.h */,
				EBAA447A1826FCA60038DA74 /* CPTAnimation.h */,
				EBAA447B1826FCA60038DA74 /* CPTAnimationOperation.h */,
				EBAA447C1826FCA60038DA74 /* CPTAnimationPeriod.h */,
				EBAA447D1826FCA60038DA74 /* CPTAnnotation.h */,
				EBAA447E1826FCA60038DA74 /* CPTAnnotationHostLayer.h */,
				EBAA447F1826FCA60038DA74 /* CPTAxis.h */,
				EBAA44801826FCA60038DA74 /* CPTAxisLabel.h */,
				EBAA44811826FCA60038DA74 /* CPTAxisLabelGroup.h */,
				EBAA44821826FCA60038DA74 /* CPTAxisSet.h */,
				EBAA44831826FCA60038DA74 /* CPTAxisTitle.h */,
				EBAA44841826FCA60038DA74 /* CPTBarPlot.h */,
				EBAA44851826FCA60038DA74 /* CPTBorderedLayer.h */,
				EBAA44861826FCA60038DA74 /* CPTCalendarFormatter.h */,
				EBAA44871826FCA60038DA74 /* CPTColor.h */,
				EBAA44881826FCA60038DA74 /* CPTColorSpace.h */,
				EBAA44891826FCA60038DA74 /* CPTConstraints.h */,
				EBAA448A1826FCA60038DA74 /* CPTDataSourceTestCase.h */,
				EBAA448B1826FCA60038DA74 /* CPTDefinitions.h */,
				EBAA448C1826FCA60038DA74 /* CPTDerivedXYGraph.h */,
				EBAA448D1826FCA60038DA74 /* CPTExceptions.h */,
				EBAA448E1826FCA60038DA74 /* CPTFill.h */,
				EBAA448F1826FCA60038DA74 /* CPTFunctionDataSource.h */,
				EBAA44901826FCA60038DA74 /* CPTGradient.h */,
				EBAA44911826FCA60038DA74 /* CPTGraph.h */,
				EBAA44921826FCA60038DA74 /* CPTGraphHostingView.h */,
				EBAA44931826FCA60038DA74 /* CPTGridLineGroup.h */,
				EBAA44941826FCA60038DA74 /* CPTGridLines.h */,
				EBAA44951826FCA60038DA74 /* CPTImage.h */,
				EBAA44961826FCA60038DA74 /* CPTLayer.h */,
				EBAA44971826FCA60038DA74 /* CPTLayerAnnotation.h */,
				EBAA44981826FCA60038DA74 /* CPTLegend.h */,
				EBAA44991826FCA60038DA74 /* CPTLegendEntry.h */,
				EBAA449A1826FCA60038DA74 /* CPTLimitBand.h */,
				EBAA449B1826FCA60038DA74 /* CPTLineCap.h */,
				EBAA449C1826FCA60038DA74 /* CPTLineStyle.h */,
				EBAA449D1826FCA60038DA74 /* CPTMutableLineStyle.h */,
				EBAA449E1826FCA60038DA74 /* CPTMutableNumericData.h */,
				EBAA449F1826FCA60038DA74 /* CPTMutableNumericData+TypeConversion.h */,
				EBAA44A01826FCA60038DA74 /* CPTMutablePlotRange.h */,
				EBAA44A11826FCA60038DA74 /* CPTMutableShadow.h */,
				EBAA44A21826FCA60038DA74 /* CPTMutableTextStyle.h */,
				EBAA44A31826FCA60038DA74 /* CPTNumericData.h */,
				EBAA44A41826FCA60038DA74 /* CPTNumericData+TypeConversion.h */,
				EBAA44A51826FCA60038DA74 /* CPTNumericDataType.h */,
				EBAA44A61826FCA60038DA74 /* CPTPathExtensions.h */,
				EBAA44A71826FCA60038DA74 /* CPTPieChart.h */,
				EBAA44A81826FCA60038DA74 /* CPTPlatformSpecificCategories.h */,
				EBAA44A91826FCA60038DA74 /* CPTPlatformSpecificDefines.h */,
				EBAA44AA1826FCA60038DA74 /* CPTPlatformSpecificFunctions.h */,
				EBAA44AB1826FCA60038DA74 /* CPTPlot.h */,
				EBAA44AC1826FCA60038DA74 /* CPTPlotArea.h */,
				EBAA44AD1826FCA60038DA74 /* CPTPlotAreaFrame.h */,
				EBAA44AE1826FCA60038DA74 /* CPTPlotGroup.h */,
				EBAA44AF1826FCA60038DA74 /* CPTPlotRange.h */,
				EBAA44B01826FCA60038DA74 /* CPTPlotSpace.h */,
				EBAA44B11826FCA60038DA74 /* CPTPlotSpaceAnnotation.h */,
				EBAA44B21826FCA60038DA74 /* CPTPlotSymbol.h */,
				EBAA44B31826FCA60038DA74 /* CPTRangePlot.h */,
				EBAA44B41826FCA60038DA74 /* CPTResponder.h */,
				EBAA44B51826FCA60038DA74 /* CPTScatterPlot.h */,
				EBAA44B61826FCA60038DA74 /* CPTShadow.h */,
				EBAA44B71826FCA60038DA74 /* CPTTestCase.h */,
				EBAA44B81826FCA60038DA74 /* CPTTextLayer.h */,
				EBAA44B91826FCA60038DA74 /* CPTTextStyle.h */,
				EBAA44BA1826FCA60038DA74 /* CPTTextStylePlatformSpecific.h */,
				EBAA44BB1826FCA60038DA74 /* CPTTheme.h */,
				EBAA44BC1826FCA60038DA74 /* CPTTimeFormatter.h */,
				EBAA44BD1826FCA60038DA74 /* CPTTradingRangePlot.h */,
				EBAA44BE1826FCA60038DA74 /* CPTUtilities.h */,
				EBAA44BF1826FCA60038DA74 /* CPTXYAxis.h */,
				EBAA44C01826FCA60038DA74 /* CPTXYAxisSet.h */,
				EBAA44C11826FCA60038DA74 /* CPTXYGraph.h */,
				EBAA44C21826FCA60038DA74 /* CPTXYPlotSpace.h */,
				EBAA44C31826FCA60038DA74 /* mainpage.h */,
				EBAA44C41826FCA60038DA74 /* NSCoderExtensions.h */,
				EBAA44C51826FCA60038DA74 /* NSDecimalNumberExtensions.h */,
				EBAA44C61826FCA60038DA74 /* NSNumberExtensions.h */,
			);
			name = CorePlot;
			path = MathMasters;
			sourceTree = "<group>";
		};
/* End PBXGroup section */

/* Begin PBXNativeTarget section */
		9A955052180179F300DFF8E4 /* MathMasters */ = {
			isa = PBXNativeTarget;
			buildConfigurationList = 9A955076180179F400DFF8E4 /* Build configuration list for PBXNativeTarget "MathMasters" */;
			buildPhases = (
				9A95504F180179F300DFF8E4 /* Sources */,
				9A955050180179F300DFF8E4 /* Frameworks */,
				9A955051180179F300DFF8E4 /* Resources */,
			);
			buildRules = (
			);
			dependencies = (
			);
			name = MathMasters;
			productName = MathMasters;
			productReference = 9A955053180179F300DFF8E4 /* MathMasters.app */;
			productType = "com.apple.product-type.application";
		};
/* End PBXNativeTarget section */

/* Begin PBXProject section */
		9A95504B180179F300DFF8E4 /* Project object */ = {
			isa = PBXProject;
			attributes = {
				LastUpgradeCheck = 0460;
				ORGANIZATIONNAME = CMPT275_team12;
			};
			buildConfigurationList = 9A95504E180179F300DFF8E4 /* Build configuration list for PBXProject "MathMasters" */;
			compatibilityVersion = "Xcode 3.2";
			developmentRegion = English;
			hasScannedForEncodings = 0;
			knownRegions = (
				en,
			);
			mainGroup = 9A95504A180179F300DFF8E4;
			productRefGroup = 9A955054180179F300DFF8E4 /* Products */;
			projectDirPath = "";
			projectRoot = "";
			targets = (
				9A955052180179F300DFF8E4 /* MathMasters */,
			);
		};
/* End PBXProject section */

/* Begin PBXResourcesBuildPhase section */
		9A955051180179F300DFF8E4 /* Resources */ = {
			isa = PBXResourcesBuildPhase;
			buildActionMask = 2147483647;
			files = (
				9A955069180179F400DFF8E4 /* Default.png in Resources */,
				9A95506B180179F400DFF8E4 /* Default@2x.png in Resources */,
				9A95506D180179F400DFF8E4 /* Default-568h@2x.png in Resources */,
				9AB941151801AF91003F79FE /* whiteStar.png in Resources */,
				9AB941171801B002003F79FE /* yellowStar.png in Resources */,
				9A0510FF18063BC8009476AF /* fish2.png in Resources */,
				9A05110318063CC0009476AF /* fish4.png in Resources */,
				9A05110518063CD0009476AF /* fish5.png in Resources */,
				9A05110718063CD5009476AF /* fish6.png in Resources */,
				9A05110918063CE3009476AF /* fish7.png in Resources */,
				9A7E025218068AAD00CE98DF /* fish3.png in Resources */,
				9A7E025418068AB800CE98DF /* fish1.png in Resources */,
				9A24ABF51806AAAB0061D40E /* Dime.png in Resources */,
				9A24ABF61806AAAB0061D40E /* Nickel.png in Resources */,
				9A24ABF71806AAAB0061D40E /* Quarter.png in Resources */,
				9A24ABF91806B0CB0061D40E /* yellow.png in Resources */,
				9AC3F4FD180E99D90028C05C /* quarter1.png in Resources */,
				9AC3F4FF180E9A740028C05C /* quarter2.png in Resources */,
				9A4881C9181924FD00E9347B /* threeStarsColor.png in Resources */,
				9A7EF1171819E2E0000C81E6 /* threeStarsWhite.png in Resources */,
				9A7EF11C181A0857000C81E6 /* background-spring.png in Resources */,
				9AF23ABB181DE47F003DA89C /* normal_cs_Tutorial3.png in Resources */,
				9AF23ABC181DE47F003DA89C /* normal_cs_Tutorial8.png in Resources */,
				9AF23ABD181DE47F003DA89C /* normal_cs_Tutorial7.png in Resources */,
				9AF23ABE181DE47F003DA89C /* normal_cs_Tutorial6.png in Resources */,
				9AF23ABF181DE47F003DA89C /* normal_cs_Tutorial9.png in Resources */,
				9AF23AC0181DE47F003DA89C /* normal_cs_Tutorial5.png in Resources */,
				9AF23AC1181DE47F003DA89C /* normal_cs_Tutorial4.png in Resources */,
				9AF23AC2181DE47F003DA89C /* normal_cs_Tutorial2.png in Resources */,
				9AF23AC3181DE47F003DA89C /* normal_cs_Tutorial1.png in Resources */,
				9AF23ACD181DE69B003DA89C /* hard_cs_Tutorial9.png in Resources */,
				9AF23ACE181DE69B003DA89C /* hard_cs_Tutorial8.png in Resources */,
				9AF23ACF181DE69B003DA89C /* hard_cs_Tutorial7.png in Resources */,
				9AF23AD0181DE69B003DA89C /* hard_cs_Tutorial6.png in Resources */,
				9AF23AD1181DE69B003DA89C /* hard_cs_Tutorial5.png in Resources */,
				9AF23AD2181DE69B003DA89C /* hard_cs_Tutorial4.png in Resources */,
				9AF23AD3181DE69B003DA89C /* hard_cs_Tutorial3.png in Resources */,
				9AF23AD4181DE69B003DA89C /* hard_cs_Tutorial2.png in Resources */,
				9AF23AD5181DE69B003DA89C /* hard_cs_Tutorial1.png in Resources */,
				9A4CA656182526430012E565 /* 10.png in Resources */,
				9A4CA657182526430012E565 /* 9.png in Resources */,
				9A4CA658182526430012E565 /* 8.png in Resources */,
				9A4CA659182526430012E565 /* 7.png in Resources */,
				9A4CA65A182526430012E565 /* 6.png in Resources */,
				9A4CA65B182526430012E565 /* 5.png in Resources */,
				9A4CA65C182526430012E565 /* 4.png in Resources */,
				9A4CA65D182526430012E565 /* 3.png in Resources */,
				9A4CA65E182526430012E565 /* 2.png in Resources */,
				9A4CA65F182526430012E565 /* 1.png in Resources */,
				9A4CA660182526430012E565 /* orange10.png in Resources */,
				9A4CA661182526430012E565 /* orange9.png in Resources */,
				9A4CA662182526430012E565 /* orange8.png in Resources */,
				9A4CA663182526430012E565 /* orange7.png in Resources */,
				9A4CA664182526430012E565 /* orange6.png in Resources */,
				9A4CA665182526430012E565 /* orange5.png in Resources */,
				9A4CA666182526430012E565 /* orange4.png in Resources */,
				9A4CA667182526430012E565 /* orange3.png in Resources */,
				9A4CA668182526430012E565 /* orange2.png in Resources */,
				9A4CA669182526430012E565 /* orange1.png in Resources */,
				9A4CA66A182526430012E565 /* apple10.png in Resources */,
				9A4CA66B182526430012E565 /* apple9.png in Resources */,
				9A4CA66C182526430012E565 /* apple8.png in Resources */,
				9A4CA66D182526430012E565 /* apple7.png in Resources */,
				9A4CA66E182526430012E565 /* apple6.png in Resources */,
				9A4CA66F182526430012E565 /* apple5.png in Resources */,
				9A4CA670182526430012E565 /* apple4.png in Resources */,
				9A4CA671182526430012E565 /* apple3.png in Resources */,
				9A4CA672182526430012E565 /* apple2.png in Resources */,
				9A4CA673182526430012E565 /* apple1.png in Resources */,
				9A4CA674182526430012E565 /* fish8.png in Resources */,
				9A4CA675182526430012E565 /* fish9.png in Resources */,
				9A4CA676182526430012E565 /* fish10.png in Resources */,
				EBF002E3182D97F400F9F3E8 /* CountingStarsViewController.xib in Resources */,
				EBF002E5182D97F400F9F3E8 /* CreateAccountViewController.xib in Resources */,
				EBF002E8182D97F400F9F3E8 /* FishToFishViewController.xib in Resources */,
				EBF002F0182D97F400F9F3E8 /* LogInViewController.xib in Resources */,
				EBF002F2182D97F400F9F3E8 /* MakingCentsViewController.xib in Resources */,
				EBF002F5182D97F400F9F3E8 /* OptionsViewController.xib in Resources */,
				EBF002F7182D97F400F9F3E8 /* SessionStatisticsViewController.xib in Resources */,
				EBF002F8182D97F400F9F3E8 /* StatisticsViewController.xib in Resources */,
				EBF002FA182D97F400F9F3E8 /* TutorialCountingStarsViewController.xib in Resources */,
				EBF002FC182D981100F9F3E8 /* MasterViewController.xib in Resources */,
				EB59F899182D9DA500BA6A7F /* ClockFace01.png in Resources */,
				EB59F89A182D9DA500BA6A7F /* ClockHand01.png in Resources */,
				EB59F89F182D9DB100BA6A7F /* ClockWorkViewController.xib in Resources */,
				EB59F8B1183032C200BA6A7F /* SuperShopperViewController.xib in Resources */,
				EBA5EF051830EA780095DBE2 /* dollar.png in Resources */,
			);
			runOnlyForDeploymentPostprocessing = 0;
		};
/* End PBXResourcesBuildPhase section */

/* Begin PBXSourcesBuildPhase section */
		9A95504F180179F300DFF8E4 /* Sources */ = {
			isa = PBXSourcesBuildPhase;
			buildActionMask = 2147483647;
			files = (
				9A955063180179F400DFF8E4 /* main.m in Sources */,
				EBF002E2182D97F400F9F3E8 /* AppDelegate.m in Sources */,
				EBF002E4182D97F400F9F3E8 /* CreateAccountViewController.m in Sources */,
				EBF002E6182D97F400F9F3E8 /* DBManager.m in Sources */,
				EBF002E7182D97F400F9F3E8 /* FishToFishViewController.m in Sources */,
				EBF002E9182D97F400F9F3E8 /* GameViewController.m in Sources */,
				EBF002EA182D97F400F9F3E8 /* GlobalVariables.m in Sources */,
				EBF002EF182D97F400F9F3E8 /* LogInViewController.m in Sources */,
				EBF002F1182D97F400F9F3E8 /* MakingCentsViewController.m in Sources */,
				EBF002F3182D97F400F9F3E8 /* MasterViewController.m in Sources */,
				EBF002F4182D97F400F9F3E8 /* OptionsViewController.m in Sources */,
				EBF002F6182D97F400F9F3E8 /* SessionStatisticsViewController.m in Sources */,
				EBF002F9182D97F400F9F3E8 /* TutorialCountingStarsViewController.m in Sources */,
				EBF002FF182D998500F9F3E8 /* CountingStarsViewController.m in Sources */,
				EBF00301182D99B800F9F3E8 /* StatisticsViewController.m in Sources */,
				EB59F89E182D9DB100BA6A7F /* ClockWorkViewController.m in Sources */,
				EB59F8A9183032A700BA6A7F /* ImageSuperShopper.m in Sources */,
				EB59F8AC183032B400BA6A7F /* MyButtonMakingCents.m in Sources */,
				EB59F8B0183032C200BA6A7F /* SuperShopperViewController.m in Sources */,
			);
			runOnlyForDeploymentPostprocessing = 0;
		};
/* End PBXSourcesBuildPhase section */

/* Begin PBXVariantGroup section */
		9A95505F180179F400DFF8E4 /* InfoPlist.strings */ = {
			isa = PBXVariantGroup;
			children = (
				9A955060180179F400DFF8E4 /* en */,
			);
			name = InfoPlist.strings;
			sourceTree = "<group>";
		};
/* End PBXVariantGroup section */

/* Begin XCBuildConfiguration section */
		9A955074180179F400DFF8E4 /* Debug */ = {
			isa = XCBuildConfiguration;
			buildSettings = {
				ALWAYS_SEARCH_USER_PATHS = NO;
				CLANG_CXX_LANGUAGE_STANDARD = "gnu++0x";
				CLANG_CXX_LIBRARY = "libc++";
				CLANG_ENABLE_OBJC_ARC = YES;
				CLANG_WARN_CONSTANT_CONVERSION = YES;
				CLANG_WARN_EMPTY_BODY = YES;
				CLANG_WARN_ENUM_CONVERSION = YES;
				CLANG_WARN_INT_CONVERSION = YES;
				CLANG_WARN__DUPLICATE_METHOD_MATCH = YES;
				"CODE_SIGN_IDENTITY[sdk=iphoneos*]" = "iPhone Developer";
				COPY_PHASE_STRIP = NO;
				GCC_C_LANGUAGE_STANDARD = gnu99;
				GCC_DYNAMIC_NO_PIC = NO;
				GCC_OPTIMIZATION_LEVEL = 0;
				GCC_PREPROCESSOR_DEFINITIONS = (
					"DEBUG=1",
					"$(inherited)",
				);
				GCC_SYMBOLS_PRIVATE_EXTERN = NO;
				GCC_WARN_ABOUT_RETURN_TYPE = YES;
				GCC_WARN_UNINITIALIZED_AUTOS = YES;
				GCC_WARN_UNUSED_VARIABLE = YES;
				IPHONEOS_DEPLOYMENT_TARGET = 6.1;
				ONLY_ACTIVE_ARCH = YES;
				SDKROOT = iphoneos;
				TARGETED_DEVICE_FAMILY = 2;
			};
			name = Debug;
		};
		9A955075180179F400DFF8E4 /* Release */ = {
			isa = XCBuildConfiguration;
			buildSettings = {
				ALWAYS_SEARCH_USER_PATHS = NO;
				CLANG_CXX_LANGUAGE_STANDARD = "gnu++0x";
				CLANG_CXX_LIBRARY = "libc++";
				CLANG_ENABLE_OBJC_ARC = YES;
				CLANG_WARN_CONSTANT_CONVERSION = YES;
				CLANG_WARN_EMPTY_BODY = YES;
				CLANG_WARN_ENUM_CONVERSION = YES;
				CLANG_WARN_INT_CONVERSION = YES;
				CLANG_WARN__DUPLICATE_METHOD_MATCH = YES;
				"CODE_SIGN_IDENTITY[sdk=iphoneos*]" = "iPhone Developer";
				COPY_PHASE_STRIP = YES;
				GCC_C_LANGUAGE_STANDARD = gnu99;
				GCC_WARN_ABOUT_RETURN_TYPE = YES;
				GCC_WARN_UNINITIALIZED_AUTOS = YES;
				GCC_WARN_UNUSED_VARIABLE = YES;
				IPHONEOS_DEPLOYMENT_TARGET = 6.1;
				OTHER_CFLAGS = "-DNS_BLOCK_ASSERTIONS=1";
				SDKROOT = iphoneos;
				TARGETED_DEVICE_FAMILY = 2;
				VALIDATE_PRODUCT = YES;
			};
			name = Release;
		};
		9A955077180179F400DFF8E4 /* Debug */ = {
			isa = XCBuildConfiguration;
			buildSettings = {
				GCC_PRECOMPILE_PREFIX_HEADER = YES;
				GCC_PREFIX_HEADER = "MathMasters/MathMasters-Prefix.pch";
				GCC_VERSION = "";
				INFOPLIST_FILE = "MathMasters/MathMasters-Info.plist";
				LIBRARY_SEARCH_PATHS = (
					"$(inherited)",
					"\"$(SRCROOT)/MathMasters\"",
				);
				OTHER_LDFLAGS = (
					"-ObjC",
					"-all_load",
				);
				PRODUCT_NAME = "$(TARGET_NAME)";
				WRAPPER_EXTENSION = app;
			};
			name = Debug;
		};
		9A955078180179F400DFF8E4 /* Release */ = {
			isa = XCBuildConfiguration;
			buildSettings = {
				GCC_PRECOMPILE_PREFIX_HEADER = YES;
				GCC_PREFIX_HEADER = "MathMasters/MathMasters-Prefix.pch";
				GCC_VERSION = "";
				INFOPLIST_FILE = "MathMasters/MathMasters-Info.plist";
				LIBRARY_SEARCH_PATHS = (
					"$(inherited)",
					"\"$(SRCROOT)/MathMasters\"",
				);
				OTHER_LDFLAGS = (
					"-ObjC",
					"-all_load",
				);
				PRODUCT_NAME = "$(TARGET_NAME)";
				WRAPPER_EXTENSION = app;
			};
			name = Release;
		};
/* End XCBuildConfiguration section */

/* Begin XCConfigurationList section */
		9A95504E180179F300DFF8E4 /* Build configuration list for PBXProject "MathMasters" */ = {
			isa = XCConfigurationList;
			buildConfigurations = (
				9A955074180179F400DFF8E4 /* Debug */,
				9A955075180179F400DFF8E4 /* Release */,
			);
			defaultConfigurationIsVisible = 0;
			defaultConfigurationName = Release;
		};
		9A955076180179F400DFF8E4 /* Build configuration list for PBXNativeTarget "MathMasters" */ = {
			isa = XCConfigurationList;
			buildConfigurations = (
				9A955077180179F400DFF8E4 /* Debug */,
				9A955078180179F400DFF8E4 /* Release */,
			);
			defaultConfigurationIsVisible = 0;
			defaultConfigurationName = Release;
		};
/* End XCConfigurationList section */
	};
	rootObject = 9A95504B180179F300DFF8E4 /* Project object */;
}
